// !$*UTF8*$!
{
	archiveVersion = 1;
	classes = {
	};
	objectVersion = 46;
	objects = {

/* Begin PBXBuildFile section */
		4C2F519A1BB220F800B6206A /* SwiftyJSON.framework in Frameworks */ = {isa = PBXBuildFile; fileRef = 4C2F51931BB2207900B6206A /* SwiftyJSON.framework */; };
		4C2F519B1BB220F800B6206A /* SwiftyJSON.framework in Embed Frameworks */ = {isa = PBXBuildFile; fileRef = 4C2F51931BB2207900B6206A /* SwiftyJSON.framework */; settings = {ATTRIBUTES = (CodeSignOnCopy, RemoveHeadersOnCopy, ); }; };
		4C9B77341BB075CF0070A1BE /* AppDelegate.swift in Sources */ = {isa = PBXBuildFile; fileRef = 4C9B77331BB075CF0070A1BE /* AppDelegate.swift */; };
		4C9B77361BB075CF0070A1BE /* ViewController.swift in Sources */ = {isa = PBXBuildFile; fileRef = 4C9B77351BB075CF0070A1BE /* ViewController.swift */; };
		4C9B77391BB075CF0070A1BE /* Main.storyboard in Resources */ = {isa = PBXBuildFile; fileRef = 4C9B77371BB075CF0070A1BE /* Main.storyboard */; };
		4C9B773B1BB075CF0070A1BE /* Assets.xcassets in Resources */ = {isa = PBXBuildFile; fileRef = 4C9B773A1BB075CF0070A1BE /* Assets.xcassets */; };
		4C9B773E1BB075CF0070A1BE /* LaunchScreen.storyboard in Resources */ = {isa = PBXBuildFile; fileRef = 4C9B773C1BB075CF0070A1BE /* LaunchScreen.storyboard */; };
		4C9B77491BB075CF0070A1BE /* GetHelpSwiftTests.swift in Sources */ = {isa = PBXBuildFile; fileRef = 4C9B77481BB075CF0070A1BE /* GetHelpSwiftTests.swift */; };
		4C9B77541BB075CF0070A1BE /* GetHelpSwiftUITests.swift in Sources */ = {isa = PBXBuildFile; fileRef = 4C9B77531BB075CF0070A1BE /* GetHelpSwiftUITests.swift */; };
		4C9B77BF1BB1E37D0070A1BE /* Info.plist in Resources */ = {isa = PBXBuildFile; fileRef = 4C9B77BE1BB1E37D0070A1BE /* Info.plist */; settings = {ASSET_TAGS = (); }; };
/* End PBXBuildFile section */

/* Begin PBXContainerItemProxy section */
		4C2F51921BB2207900B6206A /* PBXContainerItemProxy */ = {
			isa = PBXContainerItemProxy;
			containerPortal = 4C2F518B1BB2207900B6206A /* SwiftyJSON.xcodeproj */;
			proxyType = 2;
			remoteGlobalIDString = 2E4FEFDB19575BE100351305;
			remoteInfo = SwiftyJSON;
		};
		4C2F51941BB2207900B6206A /* PBXContainerItemProxy */ = {
			isa = PBXContainerItemProxy;
			containerPortal = 4C2F518B1BB2207900B6206A /* SwiftyJSON.xcodeproj */;
			proxyType = 2;
			remoteGlobalIDString = 2E4FEFE619575BE100351305;
			remoteInfo = SwiftyJSONTests;
		};
		4C2F51961BB2207900B6206A /* PBXContainerItemProxy */ = {
			isa = PBXContainerItemProxy;
			containerPortal = 4C2F518B1BB2207900B6206A /* SwiftyJSON.xcodeproj */;
			proxyType = 2;
			remoteGlobalIDString = 4EC1C1C91A0C1A2D0026ED0B;
			remoteInfo = SwiftyJSONOSX;
		};
		4C2F51981BB2207900B6206A /* PBXContainerItemProxy */ = {
			isa = PBXContainerItemProxy;
			containerPortal = 4C2F518B1BB2207900B6206A /* SwiftyJSON.xcodeproj */;
			proxyType = 2;
			remoteGlobalIDString = 4EC1C1D31A0C1A2D0026ED0B;
			remoteInfo = SwiftyJSONOSXTests;
		};
		4C2F519C1BB220F800B6206A /* PBXContainerItemProxy */ = {
			isa = PBXContainerItemProxy;
			containerPortal = 4C2F518B1BB2207900B6206A /* SwiftyJSON.xcodeproj */;
			proxyType = 1;
			remoteGlobalIDString = 2E4FEFDA19575BE100351305;
			remoteInfo = SwiftyJSON;
		};
		4C9B77451BB075CF0070A1BE /* PBXContainerItemProxy */ = {
			isa = PBXContainerItemProxy;
			containerPortal = 4C9B77281BB075CF0070A1BE /* Project object */;
			proxyType = 1;
			remoteGlobalIDString = 4C9B772F1BB075CF0070A1BE;
			remoteInfo = GetHelpSwift;
		};
		4C9B77501BB075CF0070A1BE /* PBXContainerItemProxy */ = {
			isa = PBXContainerItemProxy;
			containerPortal = 4C9B77281BB075CF0070A1BE /* Project object */;
			proxyType = 1;
			remoteGlobalIDString = 4C9B772F1BB075CF0070A1BE;
			remoteInfo = GetHelpSwift;
		};
/* End PBXContainerItemProxy section */

/* Begin PBXCopyFilesBuildPhase section */
		4C9B77A11BB12F8E0070A1BE /* Embed Frameworks */ = {
			isa = PBXCopyFilesBuildPhase;
			buildActionMask = 2147483647;
			dstPath = "";
			dstSubfolderSpec = 10;
			files = (
				4C2F519B1BB220F800B6206A /* SwiftyJSON.framework in Embed Frameworks */,
			);
			name = "Embed Frameworks";
			runOnlyForDeploymentPostprocessing = 0;
		};
/* End PBXCopyFilesBuildPhase section */

/* Begin PBXFileReference section */
		4C2F518B1BB2207900B6206A /* SwiftyJSON.xcodeproj */ = {isa = PBXFileReference; lastKnownFileType = "wrapper.pb-project"; name = SwiftyJSON.xcodeproj; path = SwiftyJSON/SwiftyJSON.xcodeproj; sourceTree = "<group>"; };
		4C9B77301BB075CF0070A1BE /* GetHelpSwift.app */ = {isa = PBXFileReference; explicitFileType = wrapper.application; includeInIndex = 0; path = GetHelpSwift.app; sourceTree = BUILT_PRODUCTS_DIR; };
		4C9B77331BB075CF0070A1BE /* AppDelegate.swift */ = {isa = PBXFileReference; lastKnownFileType = sourcecode.swift; path = AppDelegate.swift; sourceTree = "<group>"; };
		4C9B77351BB075CF0070A1BE /* ViewController.swift */ = {isa = PBXFileReference; lastKnownFileType = sourcecode.swift; path = ViewController.swift; sourceTree = "<group>"; };
		4C9B77381BB075CF0070A1BE /* Base */ = {isa = PBXFileReference; lastKnownFileType = file.storyboard; name = Base; path = Base.lproj/Main.storyboard; sourceTree = "<group>"; };
		4C9B773A1BB075CF0070A1BE /* Assets.xcassets */ = {isa = PBXFileReference; lastKnownFileType = folder.assetcatalog; path = Assets.xcassets; sourceTree = "<group>"; };
		4C9B773D1BB075CF0070A1BE /* Base */ = {isa = PBXFileReference; lastKnownFileType = file.storyboard; name = Base; path = Base.lproj/LaunchScreen.storyboard; sourceTree = "<group>"; };
		4C9B77441BB075CF0070A1BE /* GetHelpSwiftTests.xctest */ = {isa = PBXFileReference; explicitFileType = wrapper.cfbundle; includeInIndex = 0; path = GetHelpSwiftTests.xctest; sourceTree = BUILT_PRODUCTS_DIR; };
		4C9B77481BB075CF0070A1BE /* GetHelpSwiftTests.swift */ = {isa = PBXFileReference; lastKnownFileType = sourcecode.swift; path = GetHelpSwiftTests.swift; sourceTree = "<group>"; };
		4C9B774A1BB075CF0070A1BE /* Info.plist */ = {isa = PBXFileReference; lastKnownFileType = text.plist.xml; path = Info.plist; sourceTree = "<group>"; };
		4C9B774F1BB075CF0070A1BE /* GetHelpSwiftUITests.xctest */ = {isa = PBXFileReference; explicitFileType = wrapper.cfbundle; includeInIndex = 0; path = GetHelpSwiftUITests.xctest; sourceTree = BUILT_PRODUCTS_DIR; };
		4C9B77531BB075CF0070A1BE /* GetHelpSwiftUITests.swift */ = {isa = PBXFileReference; lastKnownFileType = sourcecode.swift; path = GetHelpSwiftUITests.swift; sourceTree = "<group>"; };
		4C9B77551BB075CF0070A1BE /* Info.plist */ = {isa = PBXFileReference; lastKnownFileType = text.plist.xml; path = Info.plist; sourceTree = "<group>"; };
		4C9B77BE1BB1E37D0070A1BE /* Info.plist */ = {isa = PBXFileReference; fileEncoding = 4; lastKnownFileType = text.plist.xml; path = Info.plist; sourceTree = "<group>"; };
/* End PBXFileReference section */

/* Begin PBXFrameworksBuildPhase section */
		4C9B772D1BB075CF0070A1BE /* Frameworks */ = {
			isa = PBXFrameworksBuildPhase;
			buildActionMask = 2147483647;
			files = (
				4C2F519A1BB220F800B6206A /* SwiftyJSON.framework in Frameworks */,
			);
			runOnlyForDeploymentPostprocessing = 0;
		};
		4C9B77411BB075CF0070A1BE /* Frameworks */ = {
			isa = PBXFrameworksBuildPhase;
			buildActionMask = 2147483647;
			files = (
			);
			runOnlyForDeploymentPostprocessing = 0;
		};
		4C9B774C1BB075CF0070A1BE /* Frameworks */ = {
			isa = PBXFrameworksBuildPhase;
			buildActionMask = 2147483647;
			files = (
			);
			runOnlyForDeploymentPostprocessing = 0;
		};
/* End PBXFrameworksBuildPhase section */

/* Begin PBXGroup section */
		4C2F518C1BB2207900B6206A /* Products */ = {
			isa = PBXGroup;
			children = (
				4C2F51931BB2207900B6206A /* SwiftyJSON.framework */,
				4C2F51951BB2207900B6206A /* SwiftyJSONTests.xctest */,
				4C2F51971BB2207900B6206A /* SwiftyJSON.framework */,
				4C2F51991BB2207900B6206A /* SwiftyJSONOSXTests.xctest */,
			);
			name = Products;
			sourceTree = "<group>";
		};
		4C9B77271BB075CF0070A1BE = {
			isa = PBXGroup;
			children = (
				4C2F518B1BB2207900B6206A /* SwiftyJSON.xcodeproj */,
				4C9B77321BB075CF0070A1BE /* GetHelpSwift */,
				4C9B77471BB075CF0070A1BE /* GetHelpSwiftTests */,
				4C9B77521BB075CF0070A1BE /* GetHelpSwiftUITests */,
				4C9B77311BB075CF0070A1BE /* Products */,
			);
			sourceTree = "<group>";
		};
		4C9B77311BB075CF0070A1BE /* Products */ = {
			isa = PBXGroup;
			children = (
				4C9B77301BB075CF0070A1BE /* GetHelpSwift.app */,
				4C9B77441BB075CF0070A1BE /* GetHelpSwiftTests.xctest */,
				4C9B774F1BB075CF0070A1BE /* GetHelpSwiftUITests.xctest */,
			);
			name = Products;
			sourceTree = "<group>";
		};
		4C9B77321BB075CF0070A1BE /* GetHelpSwift */ = {
			isa = PBXGroup;
			children = (
				4C9B77331BB075CF0070A1BE /* AppDelegate.swift */,
				4C9B77351BB075CF0070A1BE /* ViewController.swift */,
				4C9B77371BB075CF0070A1BE /* Main.storyboard */,
				4C9B773A1BB075CF0070A1BE /* Assets.xcassets */,
				4C9B773C1BB075CF0070A1BE /* LaunchScreen.storyboard */,
				4C9B77BE1BB1E37D0070A1BE /* Info.plist */,
			);
			path = GetHelpSwift;
			sourceTree = "<group>";
		};
		4C9B77471BB075CF0070A1BE /* GetHelpSwiftTests */ = {
			isa = PBXGroup;
			children = (
				4C9B77481BB075CF0070A1BE /* GetHelpSwiftTests.swift */,
				4C9B774A1BB075CF0070A1BE /* Info.plist */,
			);
			path = GetHelpSwiftTests;
			sourceTree = "<group>";
		};
		4C9B77521BB075CF0070A1BE /* GetHelpSwiftUITests */ = {
			isa = PBXGroup;
			children = (
				4C9B77531BB075CF0070A1BE /* GetHelpSwiftUITests.swift */,
				4C9B77551BB075CF0070A1BE /* Info.plist */,
			);
			path = GetHelpSwiftUITests;
			sourceTree = "<group>";
		};
/* End PBXGroup section */

/* Begin PBXNativeTarget section */
		4C9B772F1BB075CF0070A1BE /* GetHelpSwift */ = {
			isa = PBXNativeTarget;
			buildConfigurationList = 4C9B77581BB075CF0070A1BE /* Build configuration list for PBXNativeTarget "GetHelpSwift" */;
			buildPhases = (
				4C9B772C1BB075CF0070A1BE /* Sources */,
				4C9B772D1BB075CF0070A1BE /* Frameworks */,
				4C9B772E1BB075CF0070A1BE /* Resources */,
				4C9B77A11BB12F8E0070A1BE /* Embed Frameworks */,
			);
			buildRules = (
			);
			dependencies = (
				4C2F519D1BB220F800B6206A /* PBXTargetDependency */,
			);
			name = GetHelpSwift;
			productName = GetHelpSwift;
			productReference = 4C9B77301BB075CF0070A1BE /* GetHelpSwift.app */;
			productType = "com.apple.product-type.application";
		};
		4C9B77431BB075CF0070A1BE /* GetHelpSwiftTests */ = {
			isa = PBXNativeTarget;
			buildConfigurationList = 4C9B775B1BB075CF0070A1BE /* Build configuration list for PBXNativeTarget "GetHelpSwiftTests" */;
			buildPhases = (
				4C9B77401BB075CF0070A1BE /* Sources */,
				4C9B77411BB075CF0070A1BE /* Frameworks */,
				4C9B77421BB075CF0070A1BE /* Resources */,
			);
			buildRules = (
			);
			dependencies = (
				4C9B77461BB075CF0070A1BE /* PBXTargetDependency */,
			);
			name = GetHelpSwiftTests;
			productName = GetHelpSwiftTests;
			productReference = 4C9B77441BB075CF0070A1BE /* GetHelpSwiftTests.xctest */;
			productType = "com.apple.product-type.bundle.unit-test";
		};
		4C9B774E1BB075CF0070A1BE /* GetHelpSwiftUITests */ = {
			isa = PBXNativeTarget;
			buildConfigurationList = 4C9B775E1BB075CF0070A1BE /* Build configuration list for PBXNativeTarget "GetHelpSwiftUITests" */;
			buildPhases = (
				4C9B774B1BB075CF0070A1BE /* Sources */,
				4C9B774C1BB075CF0070A1BE /* Frameworks */,
				4C9B774D1BB075CF0070A1BE /* Resources */,
			);
			buildRules = (
			);
			dependencies = (
				4C9B77511BB075CF0070A1BE /* PBXTargetDependency */,
			);
			name = GetHelpSwiftUITests;
			productName = GetHelpSwiftUITests;
			productReference = 4C9B774F1BB075CF0070A1BE /* GetHelpSwiftUITests.xctest */;
			productType = "com.apple.product-type.bundle.ui-testing";
		};
/* End PBXNativeTarget section */

/* Begin PBXProject section */
		4C9B77281BB075CF0070A1BE /* Project object */ = {
			isa = PBXProject;
			attributes = {
				LastUpgradeCheck = 0700;
				ORGANIZATIONNAME = ITHelp;
				TargetAttributes = {
					4C9B772F1BB075CF0070A1BE = {
						CreatedOnToolsVersion = 7.0;
					};
					4C9B77431BB075CF0070A1BE = {
						CreatedOnToolsVersion = 7.0;
						TestTargetID = 4C9B772F1BB075CF0070A1BE;
					};
					4C9B774E1BB075CF0070A1BE = {
						CreatedOnToolsVersion = 7.0;
						TestTargetID = 4C9B772F1BB075CF0070A1BE;
					};
				};
			};
			buildConfigurationList = 4C9B772B1BB075CF0070A1BE /* Build configuration list for PBXProject "GetHelpSwift" */;
			compatibilityVersion = "Xcode 3.2";
			developmentRegion = English;
			hasScannedForEncodings = 0;
			knownRegions = (
				en,
				Base,
			);
			mainGroup = 4C9B77271BB075CF0070A1BE;
			productRefGroup = 4C9B77311BB075CF0070A1BE /* Products */;
			projectDirPath = "";
			projectReferences = (
				{
					ProductGroup = 4C2F518C1BB2207900B6206A /* Products */;
					ProjectRef = 4C2F518B1BB2207900B6206A /* SwiftyJSON.xcodeproj */;
				},
			);
			projectRoot = "";
			targets = (
				4C9B772F1BB075CF0070A1BE /* GetHelpSwift */,
				4C9B77431BB075CF0070A1BE /* GetHelpSwiftTests */,
				4C9B774E1BB075CF0070A1BE /* GetHelpSwiftUITests */,
			);
		};
/* End PBXProject section */

/* Begin PBXReferenceProxy section */
		4C2F51931BB2207900B6206A /* SwiftyJSON.framework */ = {
			isa = PBXReferenceProxy;
			fileType = wrapper.framework;
			path = SwiftyJSON.framework;
			remoteRef = 4C2F51921BB2207900B6206A /* PBXContainerItemProxy */;
			sourceTree = BUILT_PRODUCTS_DIR;
		};
		4C2F51951BB2207900B6206A /* SwiftyJSONTests.xctest */ = {
			isa = PBXReferenceProxy;
			fileType = wrapper.cfbundle;
			path = SwiftyJSONTests.xctest;
			remoteRef = 4C2F51941BB2207900B6206A /* PBXContainerItemProxy */;
			sourceTree = BUILT_PRODUCTS_DIR;
		};
		4C2F51971BB2207900B6206A /* SwiftyJSON.framework */ = {
			isa = PBXReferenceProxy;
			fileType = wrapper.framework;
			path = SwiftyJSON.framework;
			remoteRef = 4C2F51961BB2207900B6206A /* PBXContainerItemProxy */;
			sourceTree = BUILT_PRODUCTS_DIR;
		};
		4C2F51991BB2207900B6206A /* SwiftyJSONOSXTests.xctest */ = {
			isa = PBXReferenceProxy;
			fileType = wrapper.cfbundle;
			path = SwiftyJSONOSXTests.xctest;
			remoteRef = 4C2F51981BB2207900B6206A /* PBXContainerItemProxy */;
			sourceTree = BUILT_PRODUCTS_DIR;
		};
/* End PBXReferenceProxy section */

/* Begin PBXResourcesBuildPhase section */
		4C9B772E1BB075CF0070A1BE /* Resources */ = {
			isa = PBXResourcesBuildPhase;
			buildActionMask = 2147483647;
			files = (
				4C9B77BF1BB1E37D0070A1BE /* Info.plist in Resources */,
				4C9B773E1BB075CF0070A1BE /* LaunchScreen.storyboard in Resources */,
				4C9B773B1BB075CF0070A1BE /* Assets.xcassets in Resources */,
				4C9B77391BB075CF0070A1BE /* Main.storyboard in Resources */,
			);
			runOnlyForDeploymentPostprocessing = 0;
		};
		4C9B77421BB075CF0070A1BE /* Resources */ = {
			isa = PBXResourcesBuildPhase;
			buildActionMask = 2147483647;
			files = (
			);
			runOnlyForDeploymentPostprocessing = 0;
		};
		4C9B774D1BB075CF0070A1BE /* Resources */ = {
			isa = PBXResourcesBuildPhase;
			buildActionMask = 2147483647;
			files = (
			);
			runOnlyForDeploymentPostprocessing = 0;
		};
/* End PBXResourcesBuildPhase section */

/* Begin PBXSourcesBuildPhase section */
		4C9B772C1BB075CF0070A1BE /* Sources */ = {
			isa = PBXSourcesBuildPhase;
			buildActionMask = 2147483647;
			files = (
				4C9B77361BB075CF0070A1BE /* ViewController.swift in Sources */,
				4C9B77341BB075CF0070A1BE /* AppDelegate.swift in Sources */,
			);
			runOnlyForDeploymentPostprocessing = 0;
		};
		4C9B77401BB075CF0070A1BE /* Sources */ = {
			isa = PBXSourcesBuildPhase;
			buildActionMask = 2147483647;
			files = (
				4C9B77491BB075CF0070A1BE /* GetHelpSwiftTests.swift in Sources */,
			);
			runOnlyForDeploymentPostprocessing = 0;
		};
		4C9B774B1BB075CF0070A1BE /* Sources */ = {
			isa = PBXSourcesBuildPhase;
			buildActionMask = 2147483647;
			files = (
				4C9B77541BB075CF0070A1BE /* GetHelpSwiftUITests.swift in Sources */,
			);
			runOnlyForDeploymentPostprocessing = 0;
		};
/* End PBXSourcesBuildPhase section */

/* Begin PBXTargetDependency section */
		4C2F519D1BB220F800B6206A /* PBXTargetDependency */ = {
			isa = PBXTargetDependency;
			name = SwiftyJSON;
			targetProxy = 4C2F519C1BB220F800B6206A /* PBXContainerItemProxy */;
		};
		4C9B77461BB075CF0070A1BE /* PBXTargetDependency */ = {
			isa = PBXTargetDependency;
			target = 4C9B772F1BB075CF0070A1BE /* GetHelpSwift */;
			targetProxy = 4C9B77451BB075CF0070A1BE /* PBXContainerItemProxy */;
		};
		4C9B77511BB075CF0070A1BE /* PBXTargetDependency */ = {
			isa = PBXTargetDependency;
			target = 4C9B772F1BB075CF0070A1BE /* GetHelpSwift */;
			targetProxy = 4C9B77501BB075CF0070A1BE /* PBXContainerItemProxy */;
		};
/* End PBXTargetDependency section */

/* Begin PBXVariantGroup section */
		4C9B77371BB075CF0070A1BE /* Main.storyboard */ = {
			isa = PBXVariantGroup;
			children = (
				4C9B77381BB075CF0070A1BE /* Base */,
			);
			name = Main.storyboard;
			sourceTree = "<group>";
		};
		4C9B773C1BB075CF0070A1BE /* LaunchScreen.storyboard */ = {
			isa = PBXVariantGroup;
			children = (
				4C9B773D1BB075CF0070A1BE /* Base */,
			);
			name = LaunchScreen.storyboard;
			sourceTree = "<group>";
		};
/* End PBXVariantGroup section */

/* Begin XCBuildConfiguration section */
		4C9B77561BB075CF0070A1BE /* Debug */ = {
			isa = XCBuildConfiguration;
			buildSettings = {
				ALWAYS_SEARCH_USER_PATHS = NO;
				CLANG_CXX_LANGUAGE_STANDARD = "gnu++0x";
				CLANG_CXX_LIBRARY = "libc++";
				CLANG_ENABLE_MODULES = YES;
				CLANG_ENABLE_OBJC_ARC = YES;
				CLANG_WARN_BOOL_CONVERSION = YES;
				CLANG_WARN_CONSTANT_CONVERSION = YES;
				CLANG_WARN_DIRECT_OBJC_ISA_USAGE = YES_ERROR;
				CLANG_WARN_EMPTY_BODY = YES;
				CLANG_WARN_ENUM_CONVERSION = YES;
				CLANG_WARN_INT_CONVERSION = YES;
				CLANG_WARN_OBJC_ROOT_CLASS = YES_ERROR;
				CLANG_WARN_UNREACHABLE_CODE = YES;
				CLANG_WARN__DUPLICATE_METHOD_MATCH = YES;
				"CODE_SIGN_IDENTITY[sdk=iphoneos*]" = "iPhone Developer";
				COPY_PHASE_STRIP = NO;
				DEBUG_INFORMATION_FORMAT = dwarf;
				ENABLE_STRICT_OBJC_MSGSEND = YES;
				ENABLE_TESTABILITY = YES;
				GCC_C_LANGUAGE_STANDARD = gnu99;
				GCC_DYNAMIC_NO_PIC = NO;
				GCC_NO_COMMON_BLOCKS = YES;
				GCC_OPTIMIZATION_LEVEL = 0;
				GCC_PREPROCESSOR_DEFINITIONS = (
					"DEBUG=1",
					"$(inherited)",
				);
				GCC_WARN_64_TO_32_BIT_CONVERSION = YES;
				GCC_WARN_ABOUT_RETURN_TYPE = YES_ERROR;
				GCC_WARN_UNDECLARED_SELECTOR = YES;
				GCC_WARN_UNINITIALIZED_AUTOS = YES_AGGRESSIVE;
				GCC_WARN_UNUSED_FUNCTION = YES;
				GCC_WARN_UNUSED_VARIABLE = YES;
				IPHONEOS_DEPLOYMENT_TARGET = 9.0;
				MTL_ENABLE_DEBUG_INFO = YES;
				ONLY_ACTIVE_ARCH = YES;
				SDKROOT = iphoneos;
				SWIFT_OPTIMIZATION_LEVEL = "-Onone";
			};
			name = Debug;
		};
		4C9B77571BB075CF0070A1BE /* Release */ = {
			isa = XCBuildConfiguration;
			buildSettings = {
				ALWAYS_SEARCH_USER_PATHS = NO;
				CLANG_CXX_LANGUAGE_STANDARD = "gnu++0x";
				CLANG_CXX_LIBRARY = "libc++";
				CLANG_ENABLE_MODULES = YES;
				CLANG_ENABLE_OBJC_ARC = YES;
				CLANG_WARN_BOOL_CONVERSION = YES;
				CLANG_WARN_CONSTANT_CONVERSION = YES;
				CLANG_WARN_DIRECT_OBJC_ISA_USAGE = YES_ERROR;
				CLANG_WARN_EMPTY_BODY = YES;
				CLANG_WARN_ENUM_CONVERSION = YES;
				CLANG_WARN_INT_CONVERSION = YES;
				CLANG_WARN_OBJC_ROOT_CLASS = YES_ERROR;
				CLANG_WARN_UNREACHABLE_CODE = YES;
				CLANG_WARN__DUPLICATE_METHOD_MATCH = YES;
				"CODE_SIGN_IDENTITY[sdk=iphoneos*]" = "iPhone Developer";
				COPY_PHASE_STRIP = NO;
				DEBUG_INFORMATION_FORMAT = "dwarf-with-dsym";
				ENABLE_NS_ASSERTIONS = NO;
				ENABLE_STRICT_OBJC_MSGSEND = YES;
				GCC_C_LANGUAGE_STANDARD = gnu99;
				GCC_NO_COMMON_BLOCKS = YES;
				GCC_WARN_64_TO_32_BIT_CONVERSION = YES;
				GCC_WARN_ABOUT_RETURN_TYPE = YES_ERROR;
				GCC_WARN_UNDECLARED_SELECTOR = YES;
				GCC_WARN_UNINITIALIZED_AUTOS = YES_AGGRESSIVE;
				GCC_WARN_UNUSED_FUNCTION = YES;
				GCC_WARN_UNUSED_VARIABLE = YES;
				IPHONEOS_DEPLOYMENT_TARGET = 9.0;
				MTL_ENABLE_DEBUG_INFO = NO;
				SDKROOT = iphoneos;
				VALIDATE_PRODUCT = YES;
			};
			name = Release;
		};
		4C9B77591BB075CF0070A1BE /* Debug */ = {
			isa = XCBuildConfiguration;
			buildSettings = {
				ASSETCATALOG_COMPILER_APPICON_NAME = AppIcon;
				EMBEDDED_CONTENT_CONTAINS_SWIFT = YES;
				INFOPLIST_FILE = GetHelpSwift/Info.plist;
				LD_RUNPATH_SEARCH_PATHS = "$(inherited) @executable_path/Frameworks";
				PRODUCT_BUNDLE_IDENTIFIER = com.GetHelpSwift;
				PRODUCT_NAME = "$(TARGET_NAME)";
			};
			name = Debug;
		};
		4C9B775A1BB075CF0070A1BE /* Release */ = {
			isa = XCBuildConfiguration;
			buildSettings = {
				ASSETCATALOG_COMPILER_APPICON_NAME = AppIcon;
				EMBEDDED_CONTENT_CONTAINS_SWIFT = YES;
				INFOPLIST_FILE = GetHelpSwift/Info.plist;
				LD_RUNPATH_SEARCH_PATHS = "$(inherited) @executable_path/Frameworks";
				PRODUCT_BUNDLE_IDENTIFIER = com.GetHelpSwift;
				PRODUCT_NAME = "$(TARGET_NAME)";
			};
			name = Release;
		};
		4C9B775C1BB075CF0070A1BE /* Debug */ = {
			isa = XCBuildConfiguration;
			buildSettings = {
				BUNDLE_LOADER = "$(TEST_HOST)";
				INFOPLIST_FILE = GetHelpSwiftTests/Info.plist;
				LD_RUNPATH_SEARCH_PATHS = "$(inherited) @executable_path/Frameworks @loader_path/Frameworks";
				PRODUCT_BUNDLE_IDENTIFIER = ITHelp.app.GetHelpSwiftTests;
				PRODUCT_NAME = "$(TARGET_NAME)";
				TEST_HOST = "$(BUILT_PRODUCTS_DIR)/GetHelpSwift.app/GetHelpSwift";
			};
			name = Debug;
		};
		4C9B775D1BB075CF0070A1BE /* Release */ = {
			isa = XCBuildConfiguration;
			buildSettings = {
				BUNDLE_LOADER = "$(TEST_HOST)";
				INFOPLIST_FILE = GetHelpSwiftTests/Info.plist;
				LD_RUNPATH_SEARCH_PATHS = "$(inherited) @executable_path/Frameworks @loader_path/Frameworks";
				PRODUCT_BUNDLE_IDENTIFIER = ITHelp.app.GetHelpSwiftTests;
				PRODUCT_NAME = "$(TARGET_NAME)";
				TEST_HOST = "$(BUILT_PRODUCTS_DIR)/GetHelpSwift.app/GetHelpSwift";
			};
			name = Release;
		};
		4C9B775F1BB075CF0070A1BE /* Debug */ = {
			isa = XCBuildConfiguration;
			buildSettings = {
				INFOPLIST_FILE = GetHelpSwiftUITests/Info.plist;
				LD_RUNPATH_SEARCH_PATHS = "$(inherited) @executable_path/Frameworks @loader_path/Frameworks";
				PRODUCT_BUNDLE_IDENTIFIER = ITHelp.app.GetHelpSwiftUITests;
				PRODUCT_NAME = "$(TARGET_NAME)";
				TEST_TARGET_NAME = GetHelpSwift;
				USES_XCTRUNNER = YES;
			};
			name = Debug;
		};
		4C9B77601BB075CF0070A1BE /* Release */ = {
			isa = XCBuildConfiguration;
			buildSettings = {
				INFOPLIST_FILE = GetHelpSwiftUITests/Info.plist;
				LD_RUNPATH_SEARCH_PATHS = "$(inherited) @executable_path/Frameworks @loader_path/Frameworks";
				PRODUCT_BUNDLE_IDENTIFIER = ITHelp.app.GetHelpSwiftUITests;
				PRODUCT_NAME = "$(TARGET_NAME)";
				TEST_TARGET_NAME = GetHelpSwift;
				USES_XCTRUNNER = YES;
			};
			name = Release;
		};
/* End XCBuildConfiguration section */

/* Begin XCConfigurationList section */
		4C9B772B1BB075CF0070A1BE /* Build configuration list for PBXProject "GetHelpSwift" */ = {
			isa = XCConfigurationList;
			buildConfigurations = (
				4C9B77561BB075CF0070A1BE /* Debug */,
				4C9B77571BB075CF0070A1BE /* Release */,
			);
			defaultConfigurationIsVisible = 0;
			defaultConfigurationName = Release;
		};
		4C9B77581BB075CF0070A1BE /* Build configuration list for PBXNativeTarget "GetHelpSwift" */ = {
			isa = XCConfigurationList;
			buildConfigurations = (
				4C9B77591BB075CF0070A1BE /* Debug */,
				4C9B775A1BB075CF0070A1BE /* Release */,
			);
			defaultConfigurationIsVisible = 0;
			defaultConfigurationName = Release;
		};
		4C9B775B1BB075CF0070A1BE /* Build configuration list for PBXNativeTarget "GetHelpSwiftTests" */ = {
			isa = XCConfigurationList;
			buildConfigurations = (
				4C9B775C1BB075CF0070A1BE /* Debug */,
				4C9B775D1BB075CF0070A1BE /* Release */,
			);
			defaultConfigurationIsVisible = 0;
			defaultConfigurationName = Release;
		};
		4C9B775E1BB075CF0070A1BE /* Build configuration list for PBXNativeTarget "GetHelpSwiftUITests" */ = {
			isa = XCConfigurationList;
			buildConfigurations = (
				4C9B775F1BB075CF0070A1BE /* Debug */,
				4C9B77601BB075CF0070A1BE /* Release */,
			);
			defaultConfigurationIsVisible = 0;
			defaultConfigurationName = Release;
		};
/* End XCConfigurationList section */
	};
	rootObject = 4C9B77281BB075CF0070A1BE /* Project object */;
}
