// !$*UTF8*$!
{
	archiveVersion = 1;
	classes = {
	};
	objectVersion = 46;
	objects = {

/* Begin PBXBuildFile section */
		4C1CDF351BDCFB7C00621C28 /* AppIcon.appiconset in Resources */ = {isa = PBXBuildFile; fileRef = 4C1CDF321BDCFB7C00621C28 /* AppIcon.appiconset */; };
		4C1CDF411BDCFB8600621C28 /* IconLarge.png in Resources */ = {isa = PBXBuildFile; fileRef = 4C1CDF3C1BDCFB8600621C28 /* IconLarge.png */; };
		4C1CDF471BDCFBA700621C28 /* Icon-40.png in Resources */ = {isa = PBXBuildFile; fileRef = 4C1CDF461BDCFBA700621C28 /* Icon-40.png */; };
		4C1CDF491BDCFBB400621C28 /* Icon-40@2x.png in Resources */ = {isa = PBXBuildFile; fileRef = 4C1CDF481BDCFBB400621C28 /* Icon-40@2x.png */; };
		4C1CDF4B1BDCFBC200621C28 /* Icon-60@2x.png in Resources */ = {isa = PBXBuildFile; fileRef = 4C1CDF4A1BDCFBC200621C28 /* Icon-60@2x.png */; };
		4C1CDF4D1BDCFBCD00621C28 /* Icon-60@3x.png in Resources */ = {isa = PBXBuildFile; fileRef = 4C1CDF4C1BDCFBCD00621C28 /* Icon-60@3x.png */; };
		4C1CDF4F1BDCFBDA00621C28 /* icon120x120.png in Resources */ = {isa = PBXBuildFile; fileRef = 4C1CDF4E1BDCFBDA00621C28 /* icon120x120.png */; };
		4C1CDF511BDCFBF300621C28 /* Icon-40@3x.png in Resources */ = {isa = PBXBuildFile; fileRef = 4C1CDF501BDCFBF300621C28 /* Icon-40@3x.png */; };
		4C5713331BDCEBAC006646CC /* Parse.framework in Frameworks */ = {isa = PBXBuildFile; fileRef = 4C5713311BDCEB45006646CC /* Parse.framework */; };
		5931530583F182B7DC05C20B /* Pods_ITHelpApp_iOS.framework in Frameworks */ = {isa = PBXBuildFile; fileRef = 57DEC88C7607AEA5001A7045 /* Pods_ITHelpApp_iOS.framework */; settings = {ATTRIBUTES = (Weak, ); }; };
		68075ED71BD6A4EB00975B5C /* Message.swift in Sources */ = {isa = PBXBuildFile; fileRef = 68075ED61BD6A4EB00975B5C /* Message.swift */; };
		68075ED91BD80C6A00975B5C /* forward.png in Resources */ = {isa = PBXBuildFile; fileRef = 68075ED81BD80C6A00975B5C /* forward.png */; };
		68140B781BCDB70600B73AE7 /* RequestHandler.swift in Sources */ = {isa = PBXBuildFile; fileRef = 68140B771BCDB70600B73AE7 /* RequestHandler.swift */; };
		682187BF1BD48F1B001A58BF /* PubnubHandler.swift in Sources */ = {isa = PBXBuildFile; fileRef = 682187BE1BD48F1B001A58BF /* PubnubHandler.swift */; };
		682187C11BD4A1D3001A58BF /* AppConstants.swift in Sources */ = {isa = PBXBuildFile; fileRef = 682187C01BD4A1D3001A58BF /* AppConstants.swift */; };
		684CEA7B1BC5A886008460C6 /* MainTabController.swift in Sources */ = {isa = PBXBuildFile; fileRef = 684CEA7A1BC5A886008460C6 /* MainTabController.swift */; };
		684CEA7D1BC5AC2A008460C6 /* ProfileViewController.swift in Sources */ = {isa = PBXBuildFile; fileRef = 684CEA7C1BC5AC2A008460C6 /* ProfileViewController.swift */; };
		684CEA801BC5B150008460C6 /* Main.storyboard in Resources */ = {isa = PBXBuildFile; fileRef = 684CEA7E1BC5B150008460C6 /* Main.storyboard */; };
		684CEA861BC5BC62008460C6 /* TicketTableCellTableViewCell.swift in Sources */ = {isa = PBXBuildFile; fileRef = 684CEA851BC5BC62008460C6 /* TicketTableCellTableViewCell.swift */; };
		684CEA881BC5CC2A008460C6 /* login.storyboard in Resources */ = {isa = PBXBuildFile; fileRef = 684CEA871BC5CC2A008460C6 /* login.storyboard */; };
		684CEA8A1BC5CC9C008460C6 /* home.storyboard in Resources */ = {isa = PBXBuildFile; fileRef = 684CEA891BC5CC9C008460C6 /* home.storyboard */; };
		684CEA8C1BC5CD43008460C6 /* InitViewController.swift in Sources */ = {isa = PBXBuildFile; fileRef = 684CEA8B1BC5CD43008460C6 /* InitViewController.swift */; };
		684F8C6F1BC4943A0046345C /* AppDelegate.swift in Sources */ = {isa = PBXBuildFile; fileRef = 684F8C6E1BC4943A0046345C /* AppDelegate.swift */; };
		684F8C711BC4943A0046345C /* LoginViewController.swift in Sources */ = {isa = PBXBuildFile; fileRef = 684F8C701BC4943A0046345C /* LoginViewController.swift */; };
		684F8C761BC4943A0046345C /* Assets.xcassets in Resources */ = {isa = PBXBuildFile; fileRef = 684F8C751BC4943A0046345C /* Assets.xcassets */; };
		684F8C791BC4943A0046345C /* LaunchScreen.storyboard in Resources */ = {isa = PBXBuildFile; fileRef = 684F8C771BC4943A0046345C /* LaunchScreen.storyboard */; };
		684F8C841BC4943A0046345C /* ITHelpApp_iOSTests.swift in Sources */ = {isa = PBXBuildFile; fileRef = 684F8C831BC4943A0046345C /* ITHelpApp_iOSTests.swift */; };
		684F8C8F1BC4943A0046345C /* ITHelpApp_iOSUITests.swift in Sources */ = {isa = PBXBuildFile; fileRef = 684F8C8E1BC4943A0046345C /* ITHelpApp_iOSUITests.swift */; };
		684F8CA71BC496CF0046345C /* RequestViewController.swift in Sources */ = {isa = PBXBuildFile; fileRef = 684F8CA41BC496CF0046345C /* RequestViewController.swift */; };
		684F8CA81BC496CF0046345C /* SignUpViewController.swift in Sources */ = {isa = PBXBuildFile; fileRef = 684F8CA51BC496CF0046345C /* SignUpViewController.swift */; };
		684F8CAB1BC496DE0046345C /* Bridge.m in Sources */ = {isa = PBXBuildFile; fileRef = 684F8CAA1BC496DE0046345C /* Bridge.m */; };
		684F8CB11BC499C10046345C /* AuthHeader.png in Resources */ = {isa = PBXBuildFile; fileRef = 684F8CB01BC499C10046345C /* AuthHeader.png */; };
		684F8CB51BC49A0D0046345C /* UIConstants.swift in Sources */ = {isa = PBXBuildFile; fileRef = 684F8CB31BC49A0D0046345C /* UIConstants.swift */; };
		684F8CB61BC49A0D0046345C /* UIEffects.swift in Sources */ = {isa = PBXBuildFile; fileRef = 684F8CB41BC49A0D0046345C /* UIEffects.swift */; };
		686D0CB21BE0519E0041A954 /* MessageTableViewCell.swift in Sources */ = {isa = PBXBuildFile; fileRef = 686D0CB11BE0519E0041A954 /* MessageTableViewCell.swift */; };
		686D0CB71BE166470041A954 /* InsetLabel.swift in Sources */ = {isa = PBXBuildFile; fileRef = 686D0CB61BE166470041A954 /* InsetLabel.swift */; };
		686D0CB91BE1745E0041A954 /* person_gray.png in Resources */ = {isa = PBXBuildFile; fileRef = 686D0CB81BE1745E0041A954 /* person_gray.png */; };
		686D0CBB1BE190CA0041A954 /* LargeSpacerCell.swift in Sources */ = {isa = PBXBuildFile; fileRef = 686D0CBA1BE190CA0041A954 /* LargeSpacerCell.swift */; };
		686D0CBF1BE19BD70041A954 /* person_blue.png in Resources */ = {isa = PBXBuildFile; fileRef = 686D0CBE1BE19BD70041A954 /* person_blue.png */; };
		686D0CC11BE19D820041A954 /* InsetTextField.swift in Sources */ = {isa = PBXBuildFile; fileRef = 686D0CC01BE19D820041A954 /* InsetTextField.swift */; };
		6882CC301BCEE9B4002D9877 /* message.png in Resources */ = {isa = PBXBuildFile; fileRef = 6882CC2F1BCEE9B4002D9877 /* message.png */; };
		6892F81B1BC6A13A00EDC4F0 /* Profile.png in Resources */ = {isa = PBXBuildFile; fileRef = 6892F81A1BC6A13A00EDC4F0 /* Profile.png */; };
		6892F8201BC6A4F500EDC4F0 /* info.png in Resources */ = {isa = PBXBuildFile; fileRef = 6892F81E1BC6A4F500EDC4F0 /* info.png */; };
		6892F8211BC6A4F500EDC4F0 /* ticket.png in Resources */ = {isa = PBXBuildFile; fileRef = 6892F81F1BC6A4F500EDC4F0 /* ticket.png */; };
		6892F8231BC6A53C00EDC4F0 /* AboutViewController.swift in Sources */ = {isa = PBXBuildFile; fileRef = 6892F8221BC6A53C00EDC4F0 /* AboutViewController.swift */; };
		6892F8251BC6A73400EDC4F0 /* workstation.png in Resources */ = {isa = PBXBuildFile; fileRef = 6892F8241BC6A73400EDC4F0 /* workstation.png */; };
		6892F82A1BC6A8F800EDC4F0 /* plus.png in Resources */ = {isa = PBXBuildFile; fileRef = 6892F8291BC6A8F800EDC4F0 /* plus.png */; };
		6892F8331BC6C29000EDC4F0 /* tickets.storyboard in Resources */ = {isa = PBXBuildFile; fileRef = 6892F8321BC6C29000EDC4F0 /* tickets.storyboard */; };
		6892F8371BC6EB7200EDC4F0 /* TicketTableViewController.swift in Sources */ = {isa = PBXBuildFile; fileRef = 6892F8361BC6EB7200EDC4F0 /* TicketTableViewController.swift */; };
		6892F8391BC70D6000EDC4F0 /* question_mark_filled.png in Resources */ = {isa = PBXBuildFile; fileRef = 6892F8381BC70D6000EDC4F0 /* question_mark_filled.png */; };
		6896F5451BC4A19E00ACA509 /* LoginHandler.swift in Sources */ = {isa = PBXBuildFile; fileRef = 6896F5441BC4A19E00ACA509 /* LoginHandler.swift */; };
		68DA2AD91BD945E500EFB077 /* ParseErrorHandlingController.swift in Sources */ = {isa = PBXBuildFile; fileRef = 68DA2AD81BD945E500EFB077 /* ParseErrorHandlingController.swift */; };
		E1084B3E1BD5DC10002B33A9 /* Message-50.png in Resources */ = {isa = PBXBuildFile; fileRef = E1084B3D1BD5DC10002B33A9 /* Message-50.png */; };
		E1084B401BD7594B002B33A9 /* briskit_title.png in Resources */ = {isa = PBXBuildFile; fileRef = E1084B3F1BD7594B002B33A9 /* briskit_title.png */; };
		E1192B921BCDDC4600DC284D /* black-slr-camera-256.png in Resources */ = {isa = PBXBuildFile; fileRef = E1192B911BCDDC4600DC284D /* black-slr-camera-256.png */; };
		E1192B951BCDE13600DC284D /* message.storyboard in Resources */ = {isa = PBXBuildFile; fileRef = E1192B941BCDE13600DC284D /* message.storyboard */; };
		E1192B971BCDE44D00DC284D /* request.storyboard in Resources */ = {isa = PBXBuildFile; fileRef = E1192B961BCDE44D00DC284D /* request.storyboard */; };
		E1192B9B1BCDE6E200DC284D /* MessageViewController.swift in Sources */ = {isa = PBXBuildFile; fileRef = E1192B9A1BCDE6E200DC284D /* MessageViewController.swift */; };
		E1192B9D1BCE033B00DC284D /* MessageHandler.swift in Sources */ = {isa = PBXBuildFile; fileRef = E1192B9C1BCE033B00DC284D /* MessageHandler.swift */; };
		E177DF4B1BCF2E4900D7A481 /* TicketHandler.swift in Sources */ = {isa = PBXBuildFile; fileRef = E177DF4A1BCF2E4900D7A481 /* TicketHandler.swift */; };
		E1D9ECB41BE050A400EFBE1D /* camera.svg in Resources */ = {isa = PBXBuildFile; fileRef = E1D9ECB31BE050A400EFBE1D /* camera.svg */; };
		E1F5AC021BD5A551000A0F36 /* requestbutton.png in Resources */ = {isa = PBXBuildFile; fileRef = E1F5AC011BD5A551000A0F36 /* requestbutton.png */; };
		E1F5AC041BD5A9B2000A0F36 /* briskITlogo.png in Resources */ = {isa = PBXBuildFile; fileRef = E1F5AC031BD5A9B2000A0F36 /* briskITlogo.png */; };
		E1F5AC061BD5D6E2000A0F36 /* loginbutton.png in Resources */ = {isa = PBXBuildFile; fileRef = E1F5AC051BD5D6E2000A0F36 /* loginbutton.png */; };
/* End PBXBuildFile section */

/* Begin PBXContainerItemProxy section */
		684F8C801BC4943A0046345C /* PBXContainerItemProxy */ = {
			isa = PBXContainerItemProxy;
			containerPortal = 684F8C631BC4943A0046345C /* Project object */;
			proxyType = 1;
			remoteGlobalIDString = 684F8C6A1BC4943A0046345C;
			remoteInfo = "ITHelpApp-iOS";
		};
		684F8C8B1BC4943A0046345C /* PBXContainerItemProxy */ = {
			isa = PBXContainerItemProxy;
			containerPortal = 684F8C631BC4943A0046345C /* Project object */;
			proxyType = 1;
			remoteGlobalIDString = 684F8C6A1BC4943A0046345C;
			remoteInfo = "ITHelpApp-iOS";
		};
/* End PBXContainerItemProxy section */

/* Begin PBXFileReference section */
		455D6243885F25C1DAE9F12E /* Pods-ITHelpApp-iOS.debug.xcconfig */ = {isa = PBXFileReference; includeInIndex = 1; lastKnownFileType = text.xcconfig; name = "Pods-ITHelpApp-iOS.debug.xcconfig"; path = "Pods/Target Support Files/Pods-ITHelpApp-iOS/Pods-ITHelpApp-iOS.debug.xcconfig"; sourceTree = "<group>"; };
		4C1CDF321BDCFB7C00621C28 /* AppIcon.appiconset */ = {isa = PBXFileReference; lastKnownFileType = folder; name = AppIcon.appiconset; path = "ITHelpApp-iOS/Assets.xcassets/AppIcon.appiconset"; sourceTree = "<group>"; };
		4C1CDF3C1BDCFB8600621C28 /* IconLarge.png */ = {isa = PBXFileReference; lastKnownFileType = image.png; name = IconLarge.png; path = "ITHelpApp-iOS/Assets.xcassets/IconLarge.png"; sourceTree = "<group>"; };
		4C1CDF461BDCFBA700621C28 /* Icon-40.png */ = {isa = PBXFileReference; lastKnownFileType = image.png; name = "Icon-40.png"; path = "ITHelpApp-iOS/Assets.xcassets/Icon-40.imageset/Icon-40.png"; sourceTree = "<group>"; };
		4C1CDF481BDCFBB400621C28 /* Icon-40@2x.png */ = {isa = PBXFileReference; lastKnownFileType = image.png; name = "Icon-40@2x.png"; path = "ITHelpApp-iOS/Assets.xcassets/Icon-41.imageset/Icon-40@2x.png"; sourceTree = "<group>"; };
		4C1CDF4A1BDCFBC200621C28 /* Icon-60@2x.png */ = {isa = PBXFileReference; lastKnownFileType = image.png; name = "Icon-60@2x.png"; path = "ITHelpApp-iOS/Assets.xcassets/Icon-60.imageset/Icon-60@2x.png"; sourceTree = "<group>"; };
		4C1CDF4C1BDCFBCD00621C28 /* Icon-60@3x.png */ = {isa = PBXFileReference; lastKnownFileType = image.png; name = "Icon-60@3x.png"; path = "ITHelpApp-iOS/Assets.xcassets/Icon-61.imageset/Icon-60@3x.png"; sourceTree = "<group>"; };
		4C1CDF4E1BDCFBDA00621C28 /* icon120x120.png */ = {isa = PBXFileReference; lastKnownFileType = image.png; name = icon120x120.png; path = "ITHelpApp-iOS/Assets.xcassets/icon120x120.imageset/icon120x120.png"; sourceTree = "<group>"; };
		4C1CDF501BDCFBF300621C28 /* Icon-40@3x.png */ = {isa = PBXFileReference; lastKnownFileType = image.png; name = "Icon-40@3x.png"; path = "ITHelpApp-iOS/Assets.xcassets/Icon-42.imageset/Icon-40@3x.png"; sourceTree = "<group>"; };
		4C5713311BDCEB45006646CC /* Parse.framework */ = {isa = PBXFileReference; lastKnownFileType = wrapper.framework; name = Parse.framework; path = "../../../../Downloads/parse-library-1.9.0/Parse.framework"; sourceTree = "<group>"; };
		57DEC88C7607AEA5001A7045 /* Pods_ITHelpApp_iOS.framework */ = {isa = PBXFileReference; explicitFileType = wrapper.framework; includeInIndex = 0; path = Pods_ITHelpApp_iOS.framework; sourceTree = BUILT_PRODUCTS_DIR; };
		68075ED61BD6A4EB00975B5C /* Message.swift */ = {isa = PBXFileReference; fileEncoding = 4; lastKnownFileType = sourcecode.swift; name = Message.swift; path = Messaging/Message.swift; sourceTree = "<group>"; };
		68075ED81BD80C6A00975B5C /* forward.png */ = {isa = PBXFileReference; lastKnownFileType = image.png; name = forward.png; path = "ITHelpApp-iOS/Resources/Images/forward.png"; sourceTree = "<group>"; };
		68140B771BCDB70600B73AE7 /* RequestHandler.swift */ = {isa = PBXFileReference; fileEncoding = 4; lastKnownFileType = sourcecode.swift; name = RequestHandler.swift; path = RequestPage/RequestHandler.swift; sourceTree = "<group>"; };
		682187BE1BD48F1B001A58BF /* PubnubHandler.swift */ = {isa = PBXFileReference; fileEncoding = 4; lastKnownFileType = sourcecode.swift; path = PubnubHandler.swift; sourceTree = "<group>"; };
		682187C01BD4A1D3001A58BF /* AppConstants.swift */ = {isa = PBXFileReference; fileEncoding = 4; lastKnownFileType = sourcecode.swift; name = AppConstants.swift; path = "ITHelpApp-iOS/Resources/AppConstants.swift"; sourceTree = "<group>"; };
		684CEA7A1BC5A886008460C6 /* MainTabController.swift */ = {isa = PBXFileReference; fileEncoding = 4; lastKnownFileType = sourcecode.swift; path = MainTabController.swift; sourceTree = "<group>"; };
		684CEA7C1BC5AC2A008460C6 /* ProfileViewController.swift */ = {isa = PBXFileReference; fileEncoding = 4; lastKnownFileType = sourcecode.swift; path = ProfileViewController.swift; sourceTree = "<group>"; };
		684CEA7F1BC5B150008460C6 /* Base */ = {isa = PBXFileReference; lastKnownFileType = file.storyboard; name = Base; path = Base.lproj/Main.storyboard; sourceTree = "<group>"; };
		684CEA851BC5BC62008460C6 /* TicketTableCellTableViewCell.swift */ = {isa = PBXFileReference; fileEncoding = 4; lastKnownFileType = sourcecode.swift; path = TicketTableCellTableViewCell.swift; sourceTree = "<group>"; };
		684CEA871BC5CC2A008460C6 /* login.storyboard */ = {isa = PBXFileReference; fileEncoding = 4; lastKnownFileType = file.storyboard; path = login.storyboard; sourceTree = "<group>"; };
		684CEA891BC5CC9C008460C6 /* home.storyboard */ = {isa = PBXFileReference; fileEncoding = 4; lastKnownFileType = file.storyboard; path = home.storyboard; sourceTree = "<group>"; };
		684CEA8B1BC5CD43008460C6 /* InitViewController.swift */ = {isa = PBXFileReference; fileEncoding = 4; lastKnownFileType = sourcecode.swift; path = InitViewController.swift; sourceTree = "<group>"; };
		684F8C6B1BC4943A0046345C /* ITHelpApp-iOS.app */ = {isa = PBXFileReference; explicitFileType = wrapper.application; includeInIndex = 0; path = "ITHelpApp-iOS.app"; sourceTree = BUILT_PRODUCTS_DIR; };
		684F8C6E1BC4943A0046345C /* AppDelegate.swift */ = {isa = PBXFileReference; lastKnownFileType = sourcecode.swift; path = AppDelegate.swift; sourceTree = "<group>"; };
		684F8C701BC4943A0046345C /* LoginViewController.swift */ = {isa = PBXFileReference; lastKnownFileType = sourcecode.swift; path = LoginViewController.swift; sourceTree = "<group>"; };
		684F8C751BC4943A0046345C /* Assets.xcassets */ = {isa = PBXFileReference; lastKnownFileType = folder.assetcatalog; path = Assets.xcassets; sourceTree = "<group>"; };
		684F8C781BC4943A0046345C /* Base */ = {isa = PBXFileReference; lastKnownFileType = file.storyboard; name = Base; path = Base.lproj/LaunchScreen.storyboard; sourceTree = "<group>"; };
		684F8C7A1BC4943A0046345C /* Info.plist */ = {isa = PBXFileReference; lastKnownFileType = text.plist.xml; path = Info.plist; sourceTree = "<group>"; };
		684F8C7F1BC4943A0046345C /* ITHelpApp-iOSTests.xctest */ = {isa = PBXFileReference; explicitFileType = wrapper.cfbundle; includeInIndex = 0; path = "ITHelpApp-iOSTests.xctest"; sourceTree = BUILT_PRODUCTS_DIR; };
		684F8C831BC4943A0046345C /* ITHelpApp_iOSTests.swift */ = {isa = PBXFileReference; lastKnownFileType = sourcecode.swift; path = ITHelpApp_iOSTests.swift; sourceTree = "<group>"; };
		684F8C851BC4943A0046345C /* Info.plist */ = {isa = PBXFileReference; lastKnownFileType = text.plist.xml; path = Info.plist; sourceTree = "<group>"; };
		684F8C8A1BC4943A0046345C /* ITHelpApp-iOSUITests.xctest */ = {isa = PBXFileReference; explicitFileType = wrapper.cfbundle; includeInIndex = 0; path = "ITHelpApp-iOSUITests.xctest"; sourceTree = BUILT_PRODUCTS_DIR; };
		684F8C8E1BC4943A0046345C /* ITHelpApp_iOSUITests.swift */ = {isa = PBXFileReference; lastKnownFileType = sourcecode.swift; path = ITHelpApp_iOSUITests.swift; sourceTree = "<group>"; };
		684F8C901BC4943A0046345C /* Info.plist */ = {isa = PBXFileReference; lastKnownFileType = text.plist.xml; path = Info.plist; sourceTree = "<group>"; };
		684F8C9C1BC495670046345C /* libParse.a */ = {isa = PBXFileReference; lastKnownFileType = archive.ar; name = libParse.a; path = "Pods/../build/Debug-iphoneos/libParse.a"; sourceTree = "<group>"; };
		684F8C9E1BC495740046345C /* libBolts.a */ = {isa = PBXFileReference; lastKnownFileType = archive.ar; name = libBolts.a; path = "Pods/../build/Debug-iphoneos/libBolts.a"; sourceTree = "<group>"; };
		684F8CA41BC496CF0046345C /* RequestViewController.swift */ = {isa = PBXFileReference; fileEncoding = 4; lastKnownFileType = sourcecode.swift; path = RequestViewController.swift; sourceTree = "<group>"; };
		684F8CA51BC496CF0046345C /* SignUpViewController.swift */ = {isa = PBXFileReference; fileEncoding = 4; lastKnownFileType = sourcecode.swift; path = SignUpViewController.swift; sourceTree = "<group>"; };
		684F8CA91BC496DE0046345C /* ITHelpApp-iOS-Bridging-Header.h */ = {isa = PBXFileReference; lastKnownFileType = sourcecode.c.h; path = "ITHelpApp-iOS-Bridging-Header.h"; sourceTree = "<group>"; };
		684F8CAA1BC496DE0046345C /* Bridge.m */ = {isa = PBXFileReference; fileEncoding = 4; lastKnownFileType = sourcecode.c.objc; path = Bridge.m; sourceTree = "<group>"; };
		684F8CB01BC499C10046345C /* AuthHeader.png */ = {isa = PBXFileReference; lastKnownFileType = image.png; name = AuthHeader.png; path = "ITHelpApp-iOS/Resources/Images/AuthHeader.png"; sourceTree = "<group>"; };
		684F8CB31BC49A0D0046345C /* UIConstants.swift */ = {isa = PBXFileReference; fileEncoding = 4; lastKnownFileType = sourcecode.swift; name = UIConstants.swift; path = "ITHelpApp-iOS/Resources/UIEffects/UIConstants.swift"; sourceTree = "<group>"; };
		684F8CB41BC49A0D0046345C /* UIEffects.swift */ = {isa = PBXFileReference; fileEncoding = 4; lastKnownFileType = sourcecode.swift; name = UIEffects.swift; path = "ITHelpApp-iOS/Resources/UIEffects/UIEffects.swift"; sourceTree = "<group>"; };
		686D0CB11BE0519E0041A954 /* MessageTableViewCell.swift */ = {isa = PBXFileReference; fileEncoding = 4; lastKnownFileType = sourcecode.swift; name = MessageTableViewCell.swift; path = Messaging/MessageTableViewCell.swift; sourceTree = "<group>"; };
		686D0CB61BE166470041A954 /* InsetLabel.swift */ = {isa = PBXFileReference; fileEncoding = 4; lastKnownFileType = sourcecode.swift; name = InsetLabel.swift; path = "ITHelpApp-iOS/Resources/UIElements/InsetLabel.swift"; sourceTree = "<group>"; };
		686D0CB81BE1745E0041A954 /* person_gray.png */ = {isa = PBXFileReference; lastKnownFileType = image.png; name = person_gray.png; path = "ITHelpApp-iOS/Resources/Images/person_gray.png"; sourceTree = "<group>"; };
		686D0CBA1BE190CA0041A954 /* LargeSpacerCell.swift */ = {isa = PBXFileReference; fileEncoding = 4; lastKnownFileType = sourcecode.swift; name = LargeSpacerCell.swift; path = Messaging/LargeSpacerCell.swift; sourceTree = "<group>"; };
		686D0CBE1BE19BD70041A954 /* person_blue.png */ = {isa = PBXFileReference; lastKnownFileType = image.png; name = person_blue.png; path = "ITHelpApp-iOS/Resources/Images/person_blue.png"; sourceTree = "<group>"; };
		686D0CC01BE19D820041A954 /* InsetTextField.swift */ = {isa = PBXFileReference; fileEncoding = 4; lastKnownFileType = sourcecode.swift; name = InsetTextField.swift; path = "ITHelpApp-iOS/Resources/UIElements/InsetTextField.swift"; sourceTree = "<group>"; };
		6882CC2F1BCEE9B4002D9877 /* message.png */ = {isa = PBXFileReference; lastKnownFileType = image.png; name = message.png; path = "ITHelpApp-iOS/Resources/Images/message.png"; sourceTree = "<group>"; };
		6892F81A1BC6A13A00EDC4F0 /* Profile.png */ = {isa = PBXFileReference; lastKnownFileType = image.png; name = Profile.png; path = "ITHelpApp-iOS/Resources/Images/Profile.png"; sourceTree = "<group>"; };
		6892F81E1BC6A4F500EDC4F0 /* info.png */ = {isa = PBXFileReference; lastKnownFileType = image.png; name = info.png; path = "ITHelpApp-iOS/Resources/Images/info.png"; sourceTree = "<group>"; };
		6892F81F1BC6A4F500EDC4F0 /* ticket.png */ = {isa = PBXFileReference; lastKnownFileType = image.png; name = ticket.png; path = "ITHelpApp-iOS/Resources/Images/ticket.png"; sourceTree = "<group>"; };
		6892F8221BC6A53C00EDC4F0 /* AboutViewController.swift */ = {isa = PBXFileReference; fileEncoding = 4; lastKnownFileType = sourcecode.swift; path = AboutViewController.swift; sourceTree = "<group>"; };
		6892F8241BC6A73400EDC4F0 /* workstation.png */ = {isa = PBXFileReference; lastKnownFileType = image.png; name = workstation.png; path = "ITHelpApp-iOS/Resources/Images/workstation.png"; sourceTree = "<group>"; };
		6892F8291BC6A8F800EDC4F0 /* plus.png */ = {isa = PBXFileReference; lastKnownFileType = image.png; name = plus.png; path = "ITHelpApp-iOS/Resources/Images/plus.png"; sourceTree = "<group>"; };
		6892F8321BC6C29000EDC4F0 /* tickets.storyboard */ = {isa = PBXFileReference; fileEncoding = 4; lastKnownFileType = file.storyboard; path = tickets.storyboard; sourceTree = "<group>"; };
		6892F8361BC6EB7200EDC4F0 /* TicketTableViewController.swift */ = {isa = PBXFileReference; fileEncoding = 4; lastKnownFileType = sourcecode.swift; path = TicketTableViewController.swift; sourceTree = "<group>"; };
		6892F8381BC70D6000EDC4F0 /* question_mark_filled.png */ = {isa = PBXFileReference; lastKnownFileType = image.png; name = question_mark_filled.png; path = "ITHelpApp-iOS/Resources/Images/question_mark_filled.png"; sourceTree = "<group>"; };
		6896F5441BC4A19E00ACA509 /* LoginHandler.swift */ = {isa = PBXFileReference; fileEncoding = 4; lastKnownFileType = sourcecode.swift; path = LoginHandler.swift; sourceTree = "<group>"; };
		68DA2AD81BD945E500EFB077 /* ParseErrorHandlingController.swift */ = {isa = PBXFileReference; fileEncoding = 4; lastKnownFileType = sourcecode.swift; path = ParseErrorHandlingController.swift; sourceTree = "<group>"; };
		9D3DE95869BC1D53A703A47C /* Pods-ITHelpApp-iOS.release.xcconfig */ = {isa = PBXFileReference; includeInIndex = 1; lastKnownFileType = text.xcconfig; name = "Pods-ITHelpApp-iOS.release.xcconfig"; path = "Pods/Target Support Files/Pods-ITHelpApp-iOS/Pods-ITHelpApp-iOS.release.xcconfig"; sourceTree = "<group>"; };
		E1084B3D1BD5DC10002B33A9 /* Message-50.png */ = {isa = PBXFileReference; lastKnownFileType = image.png; name = "Message-50.png"; path = "ITHelpApp-iOS/Resources/Images/Message-50.png"; sourceTree = "<group>"; };
		E1084B3F1BD7594B002B33A9 /* briskit_title.png */ = {isa = PBXFileReference; lastKnownFileType = image.png; name = briskit_title.png; path = "ITHelpApp-iOS/Resources/Images/briskit_title.png"; sourceTree = "<group>"; };
		E1192B911BCDDC4600DC284D /* black-slr-camera-256.png */ = {isa = PBXFileReference; lastKnownFileType = image.png; name = "black-slr-camera-256.png"; path = "ITHelpApp-iOS/Resources/Images/black-slr-camera-256.png"; sourceTree = "<group>"; };
		E1192B941BCDE13600DC284D /* message.storyboard */ = {isa = PBXFileReference; fileEncoding = 4; lastKnownFileType = file.storyboard; path = message.storyboard; sourceTree = "<group>"; };
		E1192B961BCDE44D00DC284D /* request.storyboard */ = {isa = PBXFileReference; fileEncoding = 4; lastKnownFileType = file.storyboard; name = request.storyboard; path = RequestPage/request.storyboard; sourceTree = "<group>"; };
		E1192B9A1BCDE6E200DC284D /* MessageViewController.swift */ = {isa = PBXFileReference; fileEncoding = 4; lastKnownFileType = sourcecode.swift; path = MessageViewController.swift; sourceTree = "<group>"; };
		E1192B9C1BCE033B00DC284D /* MessageHandler.swift */ = {isa = PBXFileReference; fileEncoding = 4; lastKnownFileType = sourcecode.swift; path = MessageHandler.swift; sourceTree = "<group>"; };
		E177DF4A1BCF2E4900D7A481 /* TicketHandler.swift */ = {isa = PBXFileReference; fileEncoding = 4; lastKnownFileType = sourcecode.swift; path = TicketHandler.swift; sourceTree = "<group>"; };
		E1D9ECB31BE050A400EFBE1D /* camera.svg */ = {isa = PBXFileReference; fileEncoding = 4; lastKnownFileType = text.xml; name = camera.svg; path = "ITHelpApp-iOS/Resources/Images/camera.svg"; sourceTree = "<group>"; };
		E1F5AC011BD5A551000A0F36 /* requestbutton.png */ = {isa = PBXFileReference; lastKnownFileType = image.png; name = requestbutton.png; path = "ITHelpApp-iOS/Resources/Images/requestbutton.png"; sourceTree = "<group>"; };
		E1F5AC031BD5A9B2000A0F36 /* briskITlogo.png */ = {isa = PBXFileReference; lastKnownFileType = image.png; name = briskITlogo.png; path = "ITHelpApp-iOS/Resources/Images/briskITlogo.png"; sourceTree = SOURCE_ROOT; };
		E1F5AC051BD5D6E2000A0F36 /* loginbutton.png */ = {isa = PBXFileReference; lastKnownFileType = image.png; name = loginbutton.png; path = "ITHelpApp-iOS/Resources/Images/loginbutton.png"; sourceTree = "<group>"; };
/* End PBXFileReference section */

/* Begin PBXFrameworksBuildPhase section */
		684F8C681BC4943A0046345C /* Frameworks */ = {
			isa = PBXFrameworksBuildPhase;
			buildActionMask = 2147483647;
			files = (
				4C5713331BDCEBAC006646CC /* Parse.framework in Frameworks */,
				5931530583F182B7DC05C20B /* Pods_ITHelpApp_iOS.framework in Frameworks */,
			);
			runOnlyForDeploymentPostprocessing = 0;
		};
		684F8C7C1BC4943A0046345C /* Frameworks */ = {
			isa = PBXFrameworksBuildPhase;
			buildActionMask = 2147483647;
			files = (
			);
			runOnlyForDeploymentPostprocessing = 0;
		};
		684F8C871BC4943A0046345C /* Frameworks */ = {
			isa = PBXFrameworksBuildPhase;
			buildActionMask = 2147483647;
			files = (
			);
			runOnlyForDeploymentPostprocessing = 0;
		};
/* End PBXFrameworksBuildPhase section */

/* Begin PBXGroup section */
		640DEDD34F73DDC5B38C80BB /* Pods */ = {
			isa = PBXGroup;
			children = (
				455D6243885F25C1DAE9F12E /* Pods-ITHelpApp-iOS.debug.xcconfig */,
				9D3DE95869BC1D53A703A47C /* Pods-ITHelpApp-iOS.release.xcconfig */,
			);
			name = Pods;
			sourceTree = "<group>";
		};
		684CEA791BC5A84F008460C6 /* HomeView */ = {
			isa = PBXGroup;
			children = (
				68DA2AD71BD9422F00EFB077 /* Info */,
				E1192B931BCDE10F00DC284D /* Message */,
				6892F8261BC6A7A800EDC4F0 /* Request */,
				6892F8311BC6C27300EDC4F0 /* Tickets */,
				684CEA7A1BC5A886008460C6 /* MainTabController.swift */,
				684CEA891BC5CC9C008460C6 /* home.storyboard */,
			);
			name = HomeView;
			path = HomePage;
			sourceTree = "<group>";
		};
		684F8C621BC4943A0046345C = {
			isa = PBXGroup;
			children = (
				684F8C6D1BC4943A0046345C /* ITHelpApp-iOS */,
				684F8CAE1BC499AC0046345C /* Resources */,
				684F8C821BC4943A0046345C /* ITHelpApp-iOSTests */,
				684F8C8D1BC4943A0046345C /* ITHelpApp-iOSUITests */,
				684F8C6C1BC4943A0046345C /* Products */,
				640DEDD34F73DDC5B38C80BB /* Pods */,
				993A2D5ECC85F5A35D241A4A /* Frameworks */,
			);
			sourceTree = "<group>";
		};
		684F8C6C1BC4943A0046345C /* Products */ = {
			isa = PBXGroup;
			children = (
				684F8C6B1BC4943A0046345C /* ITHelpApp-iOS.app */,
				684F8C7F1BC4943A0046345C /* ITHelpApp-iOSTests.xctest */,
				684F8C8A1BC4943A0046345C /* ITHelpApp-iOSUITests.xctest */,
			);
			name = Products;
			sourceTree = "<group>";
		};
		684F8C6D1BC4943A0046345C /* ITHelpApp-iOS */ = {
			isa = PBXGroup;
			children = (
				684CEA791BC5A84F008460C6 /* HomeView */,
				6896F5431BC4A18200ACA509 /* Login */,
				684F8C6E1BC4943A0046345C /* AppDelegate.swift */,
				684CEA7E1BC5B150008460C6 /* Main.storyboard */,
				684F8C751BC4943A0046345C /* Assets.xcassets */,
				684F8C771BC4943A0046345C /* LaunchScreen.storyboard */,
				684F8C7A1BC4943A0046345C /* Info.plist */,
				684F8CAA1BC496DE0046345C /* Bridge.m */,
				684F8CA91BC496DE0046345C /* ITHelpApp-iOS-Bridging-Header.h */,
				684CEA8B1BC5CD43008460C6 /* InitViewController.swift */,
				682187BE1BD48F1B001A58BF /* PubnubHandler.swift */,
				68DA2AD81BD945E500EFB077 /* ParseErrorHandlingController.swift */,
			);
			path = "ITHelpApp-iOS";
			sourceTree = "<group>";
		};
		684F8C821BC4943A0046345C /* ITHelpApp-iOSTests */ = {
			isa = PBXGroup;
			children = (
				684F8C831BC4943A0046345C /* ITHelpApp_iOSTests.swift */,
				684F8C851BC4943A0046345C /* Info.plist */,
			);
			path = "ITHelpApp-iOSTests";
			sourceTree = "<group>";
		};
		684F8C8D1BC4943A0046345C /* ITHelpApp-iOSUITests */ = {
			isa = PBXGroup;
			children = (
				684F8C8E1BC4943A0046345C /* ITHelpApp_iOSUITests.swift */,
				684F8C901BC4943A0046345C /* Info.plist */,
			);
			path = "ITHelpApp-iOSUITests";
			sourceTree = "<group>";
		};
		684F8CAE1BC499AC0046345C /* Resources */ = {
			isa = PBXGroup;
			children = (
				686D0CB51BE165D20041A954 /* UIElements */,
				684F8CB21BC499FF0046345C /* Effects */,
				684F8CAF1BC499B40046345C /* Images */,
			);
			name = Resources;
			sourceTree = "<group>";
		};
		684F8CAF1BC499B40046345C /* Images */ = {
			isa = PBXGroup;
			children = (
				686D0CBE1BE19BD70041A954 /* person_blue.png */,
				686D0CB81BE1745E0041A954 /* person_gray.png */,
				E1F5AC031BD5A9B2000A0F36 /* briskITlogo.png */,
				4C1CDF461BDCFBA700621C28 /* Icon-40.png */,
				4C1CDF481BDCFBB400621C28 /* Icon-40@2x.png */,
				4C1CDF4A1BDCFBC200621C28 /* Icon-60@2x.png */,
				4C1CDF4C1BDCFBCD00621C28 /* Icon-60@3x.png */,
				4C1CDF4E1BDCFBDA00621C28 /* icon120x120.png */,
				4C1CDF501BDCFBF300621C28 /* Icon-40@3x.png */,
				4C1CDF3C1BDCFB8600621C28 /* IconLarge.png */,
				4C1CDF321BDCFB7C00621C28 /* AppIcon.appiconset */,
				68075ED81BD80C6A00975B5C /* forward.png */,
				E1084B3F1BD7594B002B33A9 /* briskit_title.png */,
				E1084B3D1BD5DC10002B33A9 /* Message-50.png */,
				E1F5AC051BD5D6E2000A0F36 /* loginbutton.png */,
				E1F5AC011BD5A551000A0F36 /* requestbutton.png */,
				6882CC2F1BCEE9B4002D9877 /* message.png */,
				E1192B911BCDDC4600DC284D /* black-slr-camera-256.png */,
				6892F8381BC70D6000EDC4F0 /* question_mark_filled.png */,
				6892F8291BC6A8F800EDC4F0 /* plus.png */,
				6892F8241BC6A73400EDC4F0 /* workstation.png */,
				6892F81E1BC6A4F500EDC4F0 /* info.png */,
				6892F81F1BC6A4F500EDC4F0 /* ticket.png */,
				6892F81A1BC6A13A00EDC4F0 /* Profile.png */,
				E1D9ECB31BE050A400EFBE1D /* camera.svg */,
				684F8CB01BC499C10046345C /* AuthHeader.png */,
			);
			name = Images;
			sourceTree = "<group>";
		};
		684F8CB21BC499FF0046345C /* Effects */ = {
			isa = PBXGroup;
			children = (
				684F8CB31BC49A0D0046345C /* UIConstants.swift */,
				684F8CB41BC49A0D0046345C /* UIEffects.swift */,
				682187C01BD4A1D3001A58BF /* AppConstants.swift */,
			);
			name = Effects;
			sourceTree = "<group>";
		};
		686D0CB51BE165D20041A954 /* UIElements */ = {
			isa = PBXGroup;
			children = (
				686D0CB61BE166470041A954 /* InsetLabel.swift */,
				686D0CC01BE19D820041A954 /* InsetTextField.swift */,
			);
			name = UIElements;
			sourceTree = "<group>";
		};
		6892F8261BC6A7A800EDC4F0 /* Request */ = {
			isa = PBXGroup;
			children = (
				684F8CA41BC496CF0046345C /* RequestViewController.swift */,
				E1192B961BCDE44D00DC284D /* request.storyboard */,
				68140B771BCDB70600B73AE7 /* RequestHandler.swift */,
			);
			name = Request;
			path = ..;
			sourceTree = "<group>";
		};
		6892F8311BC6C27300EDC4F0 /* Tickets */ = {
			isa = PBXGroup;
			children = (
				684CEA851BC5BC62008460C6 /* TicketTableCellTableViewCell.swift */,
				6892F8361BC6EB7200EDC4F0 /* TicketTableViewController.swift */,
				E177DF4A1BCF2E4900D7A481 /* TicketHandler.swift */,
				6892F8321BC6C29000EDC4F0 /* tickets.storyboard */,
			);
			name = Tickets;
			sourceTree = "<group>";
		};
		6896F5431BC4A18200ACA509 /* Login */ = {
			isa = PBXGroup;
			children = (
				684CEA871BC5CC2A008460C6 /* login.storyboard */,
				684F8C701BC4943A0046345C /* LoginViewController.swift */,
				6896F5441BC4A19E00ACA509 /* LoginHandler.swift */,
				684F8CA51BC496CF0046345C /* SignUpViewController.swift */,
			);
			path = Login;
			sourceTree = "<group>";
		};
		68DA2AD71BD9422F00EFB077 /* Info */ = {
			isa = PBXGroup;
			children = (
				684CEA7C1BC5AC2A008460C6 /* ProfileViewController.swift */,
				6892F8221BC6A53C00EDC4F0 /* AboutViewController.swift */,
			);
			name = Info;
			sourceTree = "<group>";
		};
		993A2D5ECC85F5A35D241A4A /* Frameworks */ = {
			isa = PBXGroup;
			children = (
				4C5713311BDCEB45006646CC /* Parse.framework */,
				684F8C9E1BC495740046345C /* libBolts.a */,
				684F8C9C1BC495670046345C /* libParse.a */,
				57DEC88C7607AEA5001A7045 /* Pods_ITHelpApp_iOS.framework */,
			);
			name = Frameworks;
			sourceTree = "<group>";
		};
		E1192B931BCDE10F00DC284D /* Message */ = {
			isa = PBXGroup;
			children = (
				E1192B941BCDE13600DC284D /* message.storyboard */,
				E1192B9A1BCDE6E200DC284D /* MessageViewController.swift */,
				E1192B9C1BCE033B00DC284D /* MessageHandler.swift */,
				68075ED61BD6A4EB00975B5C /* Message.swift */,
				686D0CB11BE0519E0041A954 /* MessageTableViewCell.swift */,
				686D0CBA1BE190CA0041A954 /* LargeSpacerCell.swift */,
			);
			name = Message;
			path = ..;
			sourceTree = "<group>";
		};
/* End PBXGroup section */

/* Begin PBXNativeTarget section */
		684F8C6A1BC4943A0046345C /* ITHelpApp-iOS */ = {
			isa = PBXNativeTarget;
			buildConfigurationList = 684F8C931BC4943A0046345C /* Build configuration list for PBXNativeTarget "ITHelpApp-iOS" */;
			buildPhases = (
				0C066263BC1BA3FC04CDAE9F /* Check Pods Manifest.lock */,
				684F8C671BC4943A0046345C /* Sources */,
				684F8C681BC4943A0046345C /* Frameworks */,
				684F8C691BC4943A0046345C /* Resources */,
				2F2C03CD8F348BF4DBFEEF62 /* Copy Pods Resources */,
				39F81EA6E3CD3711B1698A6B /* Embed Pods Frameworks */,
			);
			buildRules = (
			);
			dependencies = (
			);
			name = "ITHelpApp-iOS";
			productName = "ITHelpApp-iOS";
			productReference = 684F8C6B1BC4943A0046345C /* ITHelpApp-iOS.app */;
			productType = "com.apple.product-type.application";
		};
		684F8C7E1BC4943A0046345C /* ITHelpApp-iOSTests */ = {
			isa = PBXNativeTarget;
			buildConfigurationList = 684F8C961BC4943A0046345C /* Build configuration list for PBXNativeTarget "ITHelpApp-iOSTests" */;
			buildPhases = (
				684F8C7B1BC4943A0046345C /* Sources */,
				684F8C7C1BC4943A0046345C /* Frameworks */,
				684F8C7D1BC4943A0046345C /* Resources */,
			);
			buildRules = (
			);
			dependencies = (
				684F8C811BC4943A0046345C /* PBXTargetDependency */,
			);
			name = "ITHelpApp-iOSTests";
			productName = "ITHelpApp-iOSTests";
			productReference = 684F8C7F1BC4943A0046345C /* ITHelpApp-iOSTests.xctest */;
			productType = "com.apple.product-type.bundle.unit-test";
		};
		684F8C891BC4943A0046345C /* ITHelpApp-iOSUITests */ = {
			isa = PBXNativeTarget;
			buildConfigurationList = 684F8C991BC4943A0046345C /* Build configuration list for PBXNativeTarget "ITHelpApp-iOSUITests" */;
			buildPhases = (
				684F8C861BC4943A0046345C /* Sources */,
				684F8C871BC4943A0046345C /* Frameworks */,
				684F8C881BC4943A0046345C /* Resources */,
			);
			buildRules = (
			);
			dependencies = (
				684F8C8C1BC4943A0046345C /* PBXTargetDependency */,
			);
			name = "ITHelpApp-iOSUITests";
			productName = "ITHelpApp-iOSUITests";
			productReference = 684F8C8A1BC4943A0046345C /* ITHelpApp-iOSUITests.xctest */;
			productType = "com.apple.product-type.bundle.ui-testing";
		};
/* End PBXNativeTarget section */

/* Begin PBXProject section */
		684F8C631BC4943A0046345C /* Project object */ = {
			isa = PBXProject;
			attributes = {
				LastSwiftUpdateCheck = 0700;
				LastUpgradeCheck = 0700;
				ORGANIZATIONNAME = "Johan Adami";
				TargetAttributes = {
					684F8C6A1BC4943A0046345C = {
						CreatedOnToolsVersion = 7.0.1;
						DevelopmentTeam = B3YRXH585G;
						SystemCapabilities = {
							com.apple.Push = {
								enabled = 1;
							};
						};
					};
					684F8C7E1BC4943A0046345C = {
						CreatedOnToolsVersion = 7.0.1;
						TestTargetID = 684F8C6A1BC4943A0046345C;
					};
					684F8C891BC4943A0046345C = {
						CreatedOnToolsVersion = 7.0.1;
						TestTargetID = 684F8C6A1BC4943A0046345C;
					};
				};
			};
			buildConfigurationList = 684F8C661BC4943A0046345C /* Build configuration list for PBXProject "ITHelpApp-iOS" */;
			compatibilityVersion = "Xcode 3.2";
			developmentRegion = English;
			hasScannedForEncodings = 0;
			knownRegions = (
				en,
				Base,
			);
			mainGroup = 684F8C621BC4943A0046345C;
			productRefGroup = 684F8C6C1BC4943A0046345C /* Products */;
			projectDirPath = "";
			projectRoot = "";
			targets = (
				684F8C6A1BC4943A0046345C /* ITHelpApp-iOS */,
				684F8C7E1BC4943A0046345C /* ITHelpApp-iOSTests */,
				684F8C891BC4943A0046345C /* ITHelpApp-iOSUITests */,
			);
		};
/* End PBXProject section */

/* Begin PBXResourcesBuildPhase section */
		684F8C691BC4943A0046345C /* Resources */ = {
			isa = PBXResourcesBuildPhase;
			buildActionMask = 2147483647;
			files = (
				4C1CDF4F1BDCFBDA00621C28 /* icon120x120.png in Resources */,
				684F8CB11BC499C10046345C /* AuthHeader.png in Resources */,
				684CEA8A1BC5CC9C008460C6 /* home.storyboard in Resources */,
				E1192B971BCDE44D00DC284D /* request.storyboard in Resources */,
				E1192B921BCDDC4600DC284D /* black-slr-camera-256.png in Resources */,
				684F8C791BC4943A0046345C /* LaunchScreen.storyboard in Resources */,
				E1F5AC021BD5A551000A0F36 /* requestbutton.png in Resources */,
				4C1CDF411BDCFB8600621C28 /* IconLarge.png in Resources */,
				4C1CDF4B1BDCFBC200621C28 /* Icon-60@2x.png in Resources */,
				4C1CDF511BDCFBF300621C28 /* Icon-40@3x.png in Resources */,
				6892F81B1BC6A13A00EDC4F0 /* Profile.png in Resources */,
				686D0CB91BE1745E0041A954 /* person_gray.png in Resources */,
				6892F8211BC6A4F500EDC4F0 /* ticket.png in Resources */,
				6892F8391BC70D6000EDC4F0 /* question_mark_filled.png in Resources */,
				E1F5AC041BD5A9B2000A0F36 /* briskITlogo.png in Resources */,
				6892F8251BC6A73400EDC4F0 /* workstation.png in Resources */,
				E1084B401BD7594B002B33A9 /* briskit_title.png in Resources */,
				684F8C761BC4943A0046345C /* Assets.xcassets in Resources */,
				E1D9ECB41BE050A400EFBE1D /* camera.svg in Resources */,
				4C1CDF491BDCFBB400621C28 /* Icon-40@2x.png in Resources */,
				4C1CDF471BDCFBA700621C28 /* Icon-40.png in Resources */,
				684CEA881BC5CC2A008460C6 /* login.storyboard in Resources */,
				684CEA801BC5B150008460C6 /* Main.storyboard in Resources */,
				6882CC301BCEE9B4002D9877 /* message.png in Resources */,
				4C1CDF351BDCFB7C00621C28 /* AppIcon.appiconset in Resources */,
				6892F8331BC6C29000EDC4F0 /* tickets.storyboard in Resources */,
				686D0CBF1BE19BD70041A954 /* person_blue.png in Resources */,
				6892F8201BC6A4F500EDC4F0 /* info.png in Resources */,
				E1084B3E1BD5DC10002B33A9 /* Message-50.png in Resources */,
				68075ED91BD80C6A00975B5C /* forward.png in Resources */,
				E1192B951BCDE13600DC284D /* message.storyboard in Resources */,
				6892F82A1BC6A8F800EDC4F0 /* plus.png in Resources */,
				E1F5AC061BD5D6E2000A0F36 /* loginbutton.png in Resources */,
				4C1CDF4D1BDCFBCD00621C28 /* Icon-60@3x.png in Resources */,
			);
			runOnlyForDeploymentPostprocessing = 0;
		};
		684F8C7D1BC4943A0046345C /* Resources */ = {
			isa = PBXResourcesBuildPhase;
			buildActionMask = 2147483647;
			files = (
			);
			runOnlyForDeploymentPostprocessing = 0;
		};
		684F8C881BC4943A0046345C /* Resources */ = {
			isa = PBXResourcesBuildPhase;
			buildActionMask = 2147483647;
			files = (
			);
			runOnlyForDeploymentPostprocessing = 0;
		};
/* End PBXResourcesBuildPhase section */

/* Begin PBXShellScriptBuildPhase section */
		0C066263BC1BA3FC04CDAE9F /* Check Pods Manifest.lock */ = {
			isa = PBXShellScriptBuildPhase;
			buildActionMask = 2147483647;
			files = (
			);
			inputPaths = (
			);
			name = "Check Pods Manifest.lock";
			outputPaths = (
			);
			runOnlyForDeploymentPostprocessing = 0;
			shellPath = /bin/sh;
			shellScript = "diff \"${PODS_ROOT}/../Podfile.lock\" \"${PODS_ROOT}/Manifest.lock\" > /dev/null\nif [[ $? != 0 ]] ; then\n    cat << EOM\nerror: The sandbox is not in sync with the Podfile.lock. Run 'pod install' or update your CocoaPods installation.\nEOM\n    exit 1\nfi\n";
			showEnvVarsInLog = 0;
		};
		2F2C03CD8F348BF4DBFEEF62 /* Copy Pods Resources */ = {
			isa = PBXShellScriptBuildPhase;
			buildActionMask = 2147483647;
			files = (
			);
			inputPaths = (
			);
			name = "Copy Pods Resources";
			outputPaths = (
			);
			runOnlyForDeploymentPostprocessing = 0;
			shellPath = /bin/sh;
			shellScript = "\"${SRCROOT}/Pods/Target Support Files/Pods-ITHelpApp-iOS/Pods-ITHelpApp-iOS-resources.sh\"\n";
			showEnvVarsInLog = 0;
		};
		39F81EA6E3CD3711B1698A6B /* Embed Pods Frameworks */ = {
			isa = PBXShellScriptBuildPhase;
			buildActionMask = 2147483647;
			files = (
			);
			inputPaths = (
			);
			name = "Embed Pods Frameworks";
			outputPaths = (
			);
			runOnlyForDeploymentPostprocessing = 0;
			shellPath = /bin/sh;
			shellScript = "\"${SRCROOT}/Pods/Target Support Files/Pods-ITHelpApp-iOS/Pods-ITHelpApp-iOS-frameworks.sh\"\n";
			showEnvVarsInLog = 0;
		};
/* End PBXShellScriptBuildPhase section */

/* Begin PBXSourcesBuildPhase section */
		684F8C671BC4943A0046345C /* Sources */ = {
			isa = PBXSourcesBuildPhase;
			buildActionMask = 2147483647;
			files = (
				684CEA861BC5BC62008460C6 /* TicketTableCellTableViewCell.swift in Sources */,
				6896F5451BC4A19E00ACA509 /* LoginHandler.swift in Sources */,
				684F8CB61BC49A0D0046345C /* UIEffects.swift in Sources */,
				682187C11BD4A1D3001A58BF /* AppConstants.swift in Sources */,
				6892F8231BC6A53C00EDC4F0 /* AboutViewController.swift in Sources */,
				686D0CB21BE0519E0041A954 /* MessageTableViewCell.swift in Sources */,
				684CEA7B1BC5A886008460C6 /* MainTabController.swift in Sources */,
				684F8C711BC4943A0046345C /* LoginViewController.swift in Sources */,
				68140B781BCDB70600B73AE7 /* RequestHandler.swift in Sources */,
				684F8CA71BC496CF0046345C /* RequestViewController.swift in Sources */,
				684CEA7D1BC5AC2A008460C6 /* ProfileViewController.swift in Sources */,
				E1192B9D1BCE033B00DC284D /* MessageHandler.swift in Sources */,
				686D0CB71BE166470041A954 /* InsetLabel.swift in Sources */,
				684CEA8C1BC5CD43008460C6 /* InitViewController.swift in Sources */,
				686D0CBB1BE190CA0041A954 /* LargeSpacerCell.swift in Sources */,
				682187BF1BD48F1B001A58BF /* PubnubHandler.swift in Sources */,
				684F8CB51BC49A0D0046345C /* UIConstants.swift in Sources */,
				684F8C6F1BC4943A0046345C /* AppDelegate.swift in Sources */,
				E1192B9B1BCDE6E200DC284D /* MessageViewController.swift in Sources */,
				686D0CC11BE19D820041A954 /* InsetTextField.swift in Sources */,
				68075ED71BD6A4EB00975B5C /* Message.swift in Sources */,
				E177DF4B1BCF2E4900D7A481 /* TicketHandler.swift in Sources */,
				6892F8371BC6EB7200EDC4F0 /* TicketTableViewController.swift in Sources */,
				684F8CAB1BC496DE0046345C /* Bridge.m in Sources */,
				684F8CA81BC496CF0046345C /* SignUpViewController.swift in Sources */,
				68DA2AD91BD945E500EFB077 /* ParseErrorHandlingController.swift in Sources */,
			);
			runOnlyForDeploymentPostprocessing = 0;
		};
		684F8C7B1BC4943A0046345C /* Sources */ = {
			isa = PBXSourcesBuildPhase;
			buildActionMask = 2147483647;
			files = (
				684F8C841BC4943A0046345C /* ITHelpApp_iOSTests.swift in Sources */,
			);
			runOnlyForDeploymentPostprocessing = 0;
		};
		684F8C861BC4943A0046345C /* Sources */ = {
			isa = PBXSourcesBuildPhase;
			buildActionMask = 2147483647;
			files = (
				684F8C8F1BC4943A0046345C /* ITHelpApp_iOSUITests.swift in Sources */,
			);
			runOnlyForDeploymentPostprocessing = 0;
		};
/* End PBXSourcesBuildPhase section */

/* Begin PBXTargetDependency section */
		684F8C811BC4943A0046345C /* PBXTargetDependency */ = {
			isa = PBXTargetDependency;
			target = 684F8C6A1BC4943A0046345C /* ITHelpApp-iOS */;
			targetProxy = 684F8C801BC4943A0046345C /* PBXContainerItemProxy */;
		};
		684F8C8C1BC4943A0046345C /* PBXTargetDependency */ = {
			isa = PBXTargetDependency;
			target = 684F8C6A1BC4943A0046345C /* ITHelpApp-iOS */;
			targetProxy = 684F8C8B1BC4943A0046345C /* PBXContainerItemProxy */;
		};
/* End PBXTargetDependency section */

/* Begin PBXVariantGroup section */
		684CEA7E1BC5B150008460C6 /* Main.storyboard */ = {
			isa = PBXVariantGroup;
			children = (
				684CEA7F1BC5B150008460C6 /* Base */,
			);
			name = Main.storyboard;
			sourceTree = "<group>";
		};
		684F8C771BC4943A0046345C /* LaunchScreen.storyboard */ = {
			isa = PBXVariantGroup;
			children = (
				684F8C781BC4943A0046345C /* Base */,
			);
			name = LaunchScreen.storyboard;
			sourceTree = "<group>";
		};
/* End PBXVariantGroup section */

/* Begin XCBuildConfiguration section */
		684F8C911BC4943A0046345C /* Debug */ = {
			isa = XCBuildConfiguration;
			buildSettings = {
				ALWAYS_SEARCH_USER_PATHS = NO;
				CLANG_CXX_LANGUAGE_STANDARD = "gnu++0x";
				CLANG_CXX_LIBRARY = "libc++";
				CLANG_ENABLE_MODULES = YES;
				CLANG_ENABLE_OBJC_ARC = YES;
				CLANG_WARN_BOOL_CONVERSION = YES;
				CLANG_WARN_CONSTANT_CONVERSION = YES;
				CLANG_WARN_DIRECT_OBJC_ISA_USAGE = YES_ERROR;
				CLANG_WARN_EMPTY_BODY = YES;
				CLANG_WARN_ENUM_CONVERSION = YES;
				CLANG_WARN_INT_CONVERSION = YES;
				CLANG_WARN_OBJC_ROOT_CLASS = YES_ERROR;
				CLANG_WARN_UNREACHABLE_CODE = YES;
				CLANG_WARN__DUPLICATE_METHOD_MATCH = YES;
				"CODE_SIGN_IDENTITY[sdk=iphoneos*]" = "iPhone Developer";
				COPY_PHASE_STRIP = NO;
				DEBUG_INFORMATION_FORMAT = dwarf;
				ENABLE_STRICT_OBJC_MSGSEND = YES;
				ENABLE_TESTABILITY = YES;
				GCC_C_LANGUAGE_STANDARD = gnu99;
				GCC_DYNAMIC_NO_PIC = NO;
				GCC_NO_COMMON_BLOCKS = YES;
				GCC_OPTIMIZATION_LEVEL = 0;
				GCC_PREPROCESSOR_DEFINITIONS = (
					"DEBUG=1",
					"$(inherited)",
				);
				GCC_WARN_64_TO_32_BIT_CONVERSION = YES;
				GCC_WARN_ABOUT_RETURN_TYPE = YES_ERROR;
				GCC_WARN_UNDECLARED_SELECTOR = YES;
				GCC_WARN_UNINITIALIZED_AUTOS = YES_AGGRESSIVE;
				GCC_WARN_UNUSED_FUNCTION = YES;
				GCC_WARN_UNUSED_VARIABLE = YES;
				IPHONEOS_DEPLOYMENT_TARGET = 9.0;
				MTL_ENABLE_DEBUG_INFO = YES;
				ONLY_ACTIVE_ARCH = YES;
				SDKROOT = iphoneos;
				SWIFT_OPTIMIZATION_LEVEL = "-Onone";
			};
			name = Debug;
		};
		684F8C921BC4943A0046345C /* Release */ = {
			isa = XCBuildConfiguration;
			buildSettings = {
				ALWAYS_SEARCH_USER_PATHS = NO;
				CLANG_CXX_LANGUAGE_STANDARD = "gnu++0x";
				CLANG_CXX_LIBRARY = "libc++";
				CLANG_ENABLE_MODULES = YES;
				CLANG_ENABLE_OBJC_ARC = YES;
				CLANG_WARN_BOOL_CONVERSION = YES;
				CLANG_WARN_CONSTANT_CONVERSION = YES;
				CLANG_WARN_DIRECT_OBJC_ISA_USAGE = YES_ERROR;
				CLANG_WARN_EMPTY_BODY = YES;
				CLANG_WARN_ENUM_CONVERSION = YES;
				CLANG_WARN_INT_CONVERSION = YES;
				CLANG_WARN_OBJC_ROOT_CLASS = YES_ERROR;
				CLANG_WARN_UNREACHABLE_CODE = YES;
				CLANG_WARN__DUPLICATE_METHOD_MATCH = YES;
				"CODE_SIGN_IDENTITY[sdk=iphoneos*]" = "iPhone Developer";
				COPY_PHASE_STRIP = NO;
				DEBUG_INFORMATION_FORMAT = "dwarf-with-dsym";
				ENABLE_NS_ASSERTIONS = NO;
				ENABLE_STRICT_OBJC_MSGSEND = YES;
				GCC_C_LANGUAGE_STANDARD = gnu99;
				GCC_NO_COMMON_BLOCKS = YES;
				GCC_WARN_64_TO_32_BIT_CONVERSION = YES;
				GCC_WARN_ABOUT_RETURN_TYPE = YES_ERROR;
				GCC_WARN_UNDECLARED_SELECTOR = YES;
				GCC_WARN_UNINITIALIZED_AUTOS = YES_AGGRESSIVE;
				GCC_WARN_UNUSED_FUNCTION = YES;
				GCC_WARN_UNUSED_VARIABLE = YES;
				IPHONEOS_DEPLOYMENT_TARGET = 9.0;
				MTL_ENABLE_DEBUG_INFO = NO;
				SDKROOT = iphoneos;
				VALIDATE_PRODUCT = YES;
			};
			name = Release;
		};
		684F8C941BC4943A0046345C /* Debug */ = {
			isa = XCBuildConfiguration;
			baseConfigurationReference = 455D6243885F25C1DAE9F12E /* Pods-ITHelpApp-iOS.debug.xcconfig */;
			buildSettings = {
				ASSETCATALOG_COMPILER_APPICON_NAME = AppIcon;
				CLANG_ENABLE_MODULES = YES;
				CODE_SIGN_IDENTITY = "iPhone Developer";
				"CODE_SIGN_IDENTITY[sdk=iphoneos*]" = "iPhone Developer";
				INFOPLIST_FILE = "ITHelpApp-iOS/Info.plist";
				LD_RUNPATH_SEARCH_PATHS = "$(inherited) @executable_path/Frameworks";
				LIBRARY_SEARCH_PATHS = (
					"$(inherited)",
					"$(PROJECT_DIR)/build/Debug-iphoneos",
				);
				PRODUCT_BUNDLE_IDENTIFIER = "distribute.ITHelp.ITHelpApp-iOS";
				PRODUCT_NAME = "$(TARGET_NAME)";
				PROVISIONING_PROFILE = "";
				SWIFT_OBJC_BRIDGING_HEADER = "ITHelpApp-iOS/ITHelpApp-iOS-Bridging-Header.h";
				SWIFT_OPTIMIZATION_LEVEL = "-Onone";
			};
			name = Debug;
		};
		684F8C951BC4943A0046345C /* Release */ = {
			isa = XCBuildConfiguration;
			baseConfigurationReference = 9D3DE95869BC1D53A703A47C /* Pods-ITHelpApp-iOS.release.xcconfig */;
			buildSettings = {
				ASSETCATALOG_COMPILER_APPICON_NAME = AppIcon;
				CLANG_ENABLE_MODULES = YES;
				CODE_SIGN_IDENTITY = "iPhone Developer";
				"CODE_SIGN_IDENTITY[sdk=iphoneos*]" = "iPhone Developer";
				INFOPLIST_FILE = "ITHelpApp-iOS/Info.plist";
				LD_RUNPATH_SEARCH_PATHS = "$(inherited) @executable_path/Frameworks";
				LIBRARY_SEARCH_PATHS = (
					"$(inherited)",
					"$(PROJECT_DIR)/build/Debug-iphoneos",
				);
				PRODUCT_BUNDLE_IDENTIFIER = "distribute.ITHelp.ITHelpApp-iOS";
				PRODUCT_NAME = "$(TARGET_NAME)";
				PROVISIONING_PROFILE = "";
				SWIFT_OBJC_BRIDGING_HEADER = "ITHelpApp-iOS/ITHelpApp-iOS-Bridging-Header.h";
			};
			name = Release;
		};
		684F8C971BC4943A0046345C /* Debug */ = {
			isa = XCBuildConfiguration;
			baseConfigurationReference = 455D6243885F25C1DAE9F12E /* Pods-ITHelpApp-iOS.debug.xcconfig */;
			buildSettings = {
				BUNDLE_LOADER = "$(TEST_HOST)";
				INFOPLIST_FILE = "ITHelpApp-iOSTests/Info.plist";
				LD_RUNPATH_SEARCH_PATHS = "$(inherited) @executable_path/Frameworks @loader_path/Frameworks";
				PRODUCT_BUNDLE_IDENTIFIER = "ITHelp.ITHelpApp-iOSTests";
				PRODUCT_NAME = "$(TARGET_NAME)";
				TEST_HOST = "$(BUILT_PRODUCTS_DIR)/ITHelpApp-iOS.app/ITHelpApp-iOS";
			};
			name = Debug;
		};
		684F8C981BC4943A0046345C /* Release */ = {
			isa = XCBuildConfiguration;
			buildSettings = {
				BUNDLE_LOADER = "$(TEST_HOST)";
				INFOPLIST_FILE = "ITHelpApp-iOSTests/Info.plist";
				LD_RUNPATH_SEARCH_PATHS = "$(inherited) @executable_path/Frameworks @loader_path/Frameworks";
				PRODUCT_BUNDLE_IDENTIFIER = "ITHelp.ITHelpApp-iOSTests";
				PRODUCT_NAME = "$(TARGET_NAME)";
				TEST_HOST = "$(BUILT_PRODUCTS_DIR)/ITHelpApp-iOS.app/ITHelpApp-iOS";
			};
			name = Release;
		};
		684F8C9A1BC4943A0046345C /* Debug */ = {
			isa = XCBuildConfiguration;
			baseConfigurationReference = 455D6243885F25C1DAE9F12E /* Pods-ITHelpApp-iOS.debug.xcconfig */;
			buildSettings = {
				INFOPLIST_FILE = "ITHelpApp-iOSUITests/Info.plist";
				LD_RUNPATH_SEARCH_PATHS = "$(inherited) @executable_path/Frameworks @loader_path/Frameworks";
				PRODUCT_BUNDLE_IDENTIFIER = "ITHelp.ITHelpApp-iOSUITests";
				PRODUCT_NAME = "$(TARGET_NAME)";
				TEST_TARGET_NAME = "ITHelpApp-iOS";
				USES_XCTRUNNER = YES;
			};
			name = Debug;
		};
		684F8C9B1BC4943A0046345C /* Release */ = {
			isa = XCBuildConfiguration;
			buildSettings = {
				INFOPLIST_FILE = "ITHelpApp-iOSUITests/Info.plist";
				LD_RUNPATH_SEARCH_PATHS = "$(inherited) @executable_path/Frameworks @loader_path/Frameworks";
				PRODUCT_BUNDLE_IDENTIFIER = "ITHelp.ITHelpApp-iOSUITests";
				PRODUCT_NAME = "$(TARGET_NAME)";
				TEST_TARGET_NAME = "ITHelpApp-iOS";
				USES_XCTRUNNER = YES;
			};
			name = Release;
		};
/* End XCBuildConfiguration section */

/* Begin XCConfigurationList section */
		684F8C661BC4943A0046345C /* Build configuration list for PBXProject "ITHelpApp-iOS" */ = {
			isa = XCConfigurationList;
			buildConfigurations = (
				684F8C911BC4943A0046345C /* Debug */,
				684F8C921BC4943A0046345C /* Release */,
			);
			defaultConfigurationIsVisible = 0;
			defaultConfigurationName = Release;
		};
		684F8C931BC4943A0046345C /* Build configuration list for PBXNativeTarget "ITHelpApp-iOS" */ = {
			isa = XCConfigurationList;
			buildConfigurations = (
				684F8C941BC4943A0046345C /* Debug */,
				684F8C951BC4943A0046345C /* Release */,
			);
			defaultConfigurationIsVisible = 0;
			defaultConfigurationName = Release;
		};
		684F8C961BC4943A0046345C /* Build configuration list for PBXNativeTarget "ITHelpApp-iOSTests" */ = {
			isa = XCConfigurationList;
			buildConfigurations = (
				684F8C971BC4943A0046345C /* Debug */,
				684F8C981BC4943A0046345C /* Release */,
			);
			defaultConfigurationIsVisible = 0;
			defaultConfigurationName = Release;
		};
		684F8C991BC4943A0046345C /* Build configuration list for PBXNativeTarget "ITHelpApp-iOSUITests" */ = {
			isa = XCConfigurationList;
			buildConfigurations = (
				684F8C9A1BC4943A0046345C /* Debug */,
				684F8C9B1BC4943A0046345C /* Release */,
			);
			defaultConfigurationIsVisible = 0;
			defaultConfigurationName = Release;
		};
/* End XCConfigurationList section */
	};
	rootObject = 684F8C631BC4943A0046345C /* Project object */;
}
